// !$*UTF8*$!
{
	archiveVersion = 1;
	classes = {
	};
	objectVersion = 56;
	objects = {

/* Begin PBXBuildFile section */
		E40644522B0BE48500028CBD /* Meal+CoreDataProperties.swift in Sources */ = {isa = PBXBuildFile; fileRef = E406444C2B0BE48500028CBD /* Meal+CoreDataProperties.swift */; };
		E40644542B0BE48500028CBD /* Ingredient+CoreDataProperties.swift in Sources */ = {isa = PBXBuildFile; fileRef = E406444E2B0BE48500028CBD /* Ingredient+CoreDataProperties.swift */; };
		E4EAFC2A2B023AF10095D10B /* RatatouilleApp.swift in Sources */ = {isa = PBXBuildFile; fileRef = E4EAFC292B023AF10095D10B /* RatatouilleApp.swift */; };
		E4EAFC2C2B023AF10095D10B /* ContentView.swift in Sources */ = {isa = PBXBuildFile; fileRef = E4EAFC2B2B023AF10095D10B /* ContentView.swift */; };
		E4EAFC2E2B023AF80095D10B /* Assets.xcassets in Resources */ = {isa = PBXBuildFile; fileRef = E4EAFC2D2B023AF80095D10B /* Assets.xcassets */; };
		E4EAFC312B023AF80095D10B /* Preview Assets.xcassets in Resources */ = {isa = PBXBuildFile; fileRef = E4EAFC302B023AF80095D10B /* Preview Assets.xcassets */; };
		E4EAFC332B023AF80095D10B /* Persistence.swift in Sources */ = {isa = PBXBuildFile; fileRef = E4EAFC322B023AF80095D10B /* Persistence.swift */; };
		E4EAFC362B023AF80095D10B /* Ratatouille.xcdatamodeld in Sources */ = {isa = PBXBuildFile; fileRef = E4EAFC342B023AF80095D10B /* Ratatouille.xcdatamodeld */; };
		E4EAFC402B023AF80095D10B /* RatatouilleTests.swift in Sources */ = {isa = PBXBuildFile; fileRef = E4EAFC3F2B023AF80095D10B /* RatatouilleTests.swift */; };
		E4EAFC4A2B023AF80095D10B /* RatatouilleUITests.swift in Sources */ = {isa = PBXBuildFile; fileRef = E4EAFC492B023AF80095D10B /* RatatouilleUITests.swift */; };
		E4EAFC4C2B023AF80095D10B /* RatatouilleUITestsLaunchTests.swift in Sources */ = {isa = PBXBuildFile; fileRef = E4EAFC4B2B023AF80095D10B /* RatatouilleUITestsLaunchTests.swift */; };
		E4EAFC5E2B0243CF0095D10B /* APIClient.swift in Sources */ = {isa = PBXBuildFile; fileRef = E4EAFC5D2B0243CF0095D10B /* APIClient.swift */; };
		E4EAFC692B0259A50095D10B /* Meal+CoreDataClass.swift in Sources */ = {isa = PBXBuildFile; fileRef = E4EAFC612B0259A50095D10B /* Meal+CoreDataClass.swift */; };
		E4EAFC6D2B0259A50095D10B /* Area+CoreDataClass.swift in Sources */ = {isa = PBXBuildFile; fileRef = E4EAFC652B0259A50095D10B /* Area+CoreDataClass.swift */; };
		E4EAFC6E2B0259A50095D10B /* Area+CoreDataProperties.swift in Sources */ = {isa = PBXBuildFile; fileRef = E4EAFC662B0259A50095D10B /* Area+CoreDataProperties.swift */; };
		E4EAFC712B025FF60095D10B /* DataController.swift in Sources */ = {isa = PBXBuildFile; fileRef = E4EAFC702B025FF60095D10B /* DataController.swift */; };
		E4EAFC762B02718C0095D10B /* Category+CoreDataClass.swift in Sources */ = {isa = PBXBuildFile; fileRef = E4EAFC742B02718C0095D10B /* Category+CoreDataClass.swift */; };
		E4EAFC772B02718C0095D10B /* Category+CoreDataProperties.swift in Sources */ = {isa = PBXBuildFile; fileRef = E4EAFC752B02718C0095D10B /* Category+CoreDataProperties.swift */; };
		E4EAFC7E2B028EC40095D10B /* Ingredient+CoreDataClass.swift in Sources */ = {isa = PBXBuildFile; fileRef = E4EAFC7C2B028EC40095D10B /* Ingredient+CoreDataClass.swift */; };
/* End PBXBuildFile section */

/* Begin PBXContainerItemProxy section */
		E4EAFC3C2B023AF80095D10B /* PBXContainerItemProxy */ = {
			isa = PBXContainerItemProxy;
			containerPortal = E4EAFC1E2B023AF10095D10B /* Project object */;
			proxyType = 1;
			remoteGlobalIDString = E4EAFC252B023AF10095D10B;
			remoteInfo = Ratatouille;
		};
		E4EAFC462B023AF80095D10B /* PBXContainerItemProxy */ = {
			isa = PBXContainerItemProxy;
			containerPortal = E4EAFC1E2B023AF10095D10B /* Project object */;
			proxyType = 1;
			remoteGlobalIDString = E4EAFC252B023AF10095D10B;
			remoteInfo = Ratatouille;
		};
/* End PBXContainerItemProxy section */

/* Begin PBXFileReference section */
		E406444C2B0BE48500028CBD /* Meal+CoreDataProperties.swift */ = {isa = PBXFileReference; lastKnownFileType = sourcecode.swift; path = "Meal+CoreDataProperties.swift"; sourceTree = "<group>"; };
		E406444E2B0BE48500028CBD /* Ingredient+CoreDataProperties.swift */ = {isa = PBXFileReference; lastKnownFileType = sourcecode.swift; path = "Ingredient+CoreDataProperties.swift"; sourceTree = "<group>"; };
		E4EAFC262B023AF10095D10B /* Ratatouille.app */ = {isa = PBXFileReference; explicitFileType = wrapper.application; includeInIndex = 0; path = Ratatouille.app; sourceTree = BUILT_PRODUCTS_DIR; };
		E4EAFC292B023AF10095D10B /* RatatouilleApp.swift */ = {isa = PBXFileReference; lastKnownFileType = sourcecode.swift; path = RatatouilleApp.swift; sourceTree = "<group>"; };
		E4EAFC2B2B023AF10095D10B /* ContentView.swift */ = {isa = PBXFileReference; lastKnownFileType = sourcecode.swift; path = ContentView.swift; sourceTree = "<group>"; };
		E4EAFC2D2B023AF80095D10B /* Assets.xcassets */ = {isa = PBXFileReference; lastKnownFileType = folder.assetcatalog; path = Assets.xcassets; sourceTree = "<group>"; };
		E4EAFC302B023AF80095D10B /* Preview Assets.xcassets */ = {isa = PBXFileReference; lastKnownFileType = folder.assetcatalog; path = "Preview Assets.xcassets"; sourceTree = "<group>"; };
		E4EAFC322B023AF80095D10B /* Persistence.swift */ = {isa = PBXFileReference; lastKnownFileType = sourcecode.swift; path = Persistence.swift; sourceTree = "<group>"; };
		E4EAFC352B023AF80095D10B /* Ratatouille.xcdatamodel */ = {isa = PBXFileReference; lastKnownFileType = wrapper.xcdatamodel; path = Ratatouille.xcdatamodel; sourceTree = "<group>"; };
		E4EAFC3B2B023AF80095D10B /* RatatouilleTests.xctest */ = {isa = PBXFileReference; explicitFileType = wrapper.cfbundle; includeInIndex = 0; path = RatatouilleTests.xctest; sourceTree = BUILT_PRODUCTS_DIR; };
		E4EAFC3F2B023AF80095D10B /* RatatouilleTests.swift */ = {isa = PBXFileReference; lastKnownFileType = sourcecode.swift; path = RatatouilleTests.swift; sourceTree = "<group>"; };
		E4EAFC452B023AF80095D10B /* RatatouilleUITests.xctest */ = {isa = PBXFileReference; explicitFileType = wrapper.cfbundle; includeInIndex = 0; path = RatatouilleUITests.xctest; sourceTree = BUILT_PRODUCTS_DIR; };
		E4EAFC492B023AF80095D10B /* RatatouilleUITests.swift */ = {isa = PBXFileReference; lastKnownFileType = sourcecode.swift; path = RatatouilleUITests.swift; sourceTree = "<group>"; };
		E4EAFC4B2B023AF80095D10B /* RatatouilleUITestsLaunchTests.swift */ = {isa = PBXFileReference; lastKnownFileType = sourcecode.swift; path = RatatouilleUITestsLaunchTests.swift; sourceTree = "<group>"; };
		E4EAFC5D2B0243CF0095D10B /* APIClient.swift */ = {isa = PBXFileReference; lastKnownFileType = sourcecode.swift; path = APIClient.swift; sourceTree = "<group>"; };
		E4EAFC612B0259A50095D10B /* Meal+CoreDataClass.swift */ = {isa = PBXFileReference; lastKnownFileType = sourcecode.swift; path = "Meal+CoreDataClass.swift"; sourceTree = "<group>"; };
		E4EAFC652B0259A50095D10B /* Area+CoreDataClass.swift */ = {isa = PBXFileReference; lastKnownFileType = sourcecode.swift; path = "Area+CoreDataClass.swift"; sourceTree = "<group>"; };
		E4EAFC662B0259A50095D10B /* Area+CoreDataProperties.swift */ = {isa = PBXFileReference; lastKnownFileType = sourcecode.swift; path = "Area+CoreDataProperties.swift"; sourceTree = "<group>"; };
		E4EAFC702B025FF60095D10B /* DataController.swift */ = {isa = PBXFileReference; lastKnownFileType = sourcecode.swift; path = DataController.swift; sourceTree = "<group>"; };
		E4EAFC742B02718C0095D10B /* Category+CoreDataClass.swift */ = {isa = PBXFileReference; lastKnownFileType = sourcecode.swift; path = "Category+CoreDataClass.swift"; sourceTree = "<group>"; };
		E4EAFC752B02718C0095D10B /* Category+CoreDataProperties.swift */ = {isa = PBXFileReference; lastKnownFileType = sourcecode.swift; path = "Category+CoreDataProperties.swift"; sourceTree = "<group>"; };
		E4EAFC7C2B028EC40095D10B /* Ingredient+CoreDataClass.swift */ = {isa = PBXFileReference; lastKnownFileType = sourcecode.swift; path = "Ingredient+CoreDataClass.swift"; sourceTree = "<group>"; };
/* End PBXFileReference section */

/* Begin PBXFrameworksBuildPhase section */
		E4EAFC232B023AF10095D10B /* Frameworks */ = {
			isa = PBXFrameworksBuildPhase;
			buildActionMask = 2147483647;
			files = (
			);
			runOnlyForDeploymentPostprocessing = 0;
		};
		E4EAFC382B023AF80095D10B /* Frameworks */ = {
			isa = PBXFrameworksBuildPhase;
			buildActionMask = 2147483647;
			files = (
			);
			runOnlyForDeploymentPostprocessing = 0;
		};
		E4EAFC422B023AF80095D10B /* Frameworks */ = {
			isa = PBXFrameworksBuildPhase;
			buildActionMask = 2147483647;
			files = (
			);
			runOnlyForDeploymentPostprocessing = 0;
		};
/* End PBXFrameworksBuildPhase section */

/* Begin PBXGroup section */
		E4EAFC1D2B023AF10095D10B = {
			isa = PBXGroup;
			children = (
				E4EAFC282B023AF10095D10B /* Ratatouille */,
				E4EAFC3E2B023AF80095D10B /* RatatouilleTests */,
				E4EAFC482B023AF80095D10B /* RatatouilleUITests */,
				E4EAFC272B023AF10095D10B /* Products */,
			);
			sourceTree = "<group>";
		};
		E4EAFC272B023AF10095D10B /* Products */ = {
			isa = PBXGroup;
			children = (
				E4EAFC262B023AF10095D10B /* Ratatouille.app */,
				E4EAFC3B2B023AF80095D10B /* RatatouilleTests.xctest */,
				E4EAFC452B023AF80095D10B /* RatatouilleUITests.xctest */,
			);
			name = Products;
			sourceTree = "<group>";
		};
		E4EAFC282B023AF10095D10B /* Ratatouille */ = {
			isa = PBXGroup;
			children = (
				E4EAFC5A2B0240450095D10B /* Data */,
				E4EAFC592B02403D0095D10B /* UI */,
				E4EAFC582B02402F0095D10B /* Logic */,
				E4EAFC292B023AF10095D10B /* RatatouilleApp.swift */,
				E4EAFC2F2B023AF80095D10B /* Preview Content */,
			);
			path = Ratatouille;
			sourceTree = "<group>";
		};
		E4EAFC2F2B023AF80095D10B /* Preview Content */ = {
			isa = PBXGroup;
			children = (
				E4EAFC302B023AF80095D10B /* Preview Assets.xcassets */,
			);
			path = "Preview Content";
			sourceTree = "<group>";
		};
		E4EAFC3E2B023AF80095D10B /* RatatouilleTests */ = {
			isa = PBXGroup;
			children = (
				E4EAFC3F2B023AF80095D10B /* RatatouilleTests.swift */,
			);
			path = RatatouilleTests;
			sourceTree = "<group>";
		};
		E4EAFC482B023AF80095D10B /* RatatouilleUITests */ = {
			isa = PBXGroup;
			children = (
				E4EAFC492B023AF80095D10B /* RatatouilleUITests.swift */,
				E4EAFC4B2B023AF80095D10B /* RatatouilleUITestsLaunchTests.swift */,
			);
			path = RatatouilleUITests;
			sourceTree = "<group>";
		};
		E4EAFC582B02402F0095D10B /* Logic */ = {
			isa = PBXGroup;
			children = (
			);
			path = Logic;
			sourceTree = "<group>";
		};
		E4EAFC592B02403D0095D10B /* UI */ = {
			isa = PBXGroup;
			children = (
				E4EAFC2D2B023AF80095D10B /* Assets.xcassets */,
				E4EAFC5C2B02406E0095D10B /* ViewModifiers */,
				E4EAFC5B2B0240620095D10B /* Views */,
			);
			path = UI;
			sourceTree = "<group>";
		};
		E4EAFC5A2B0240450095D10B /* Data */ = {
			isa = PBXGroup;
			children = (
				E4EAFC6F2B0259B70095D10B /* CoreData */,
				E4EAFC5D2B0243CF0095D10B /* APIClient.swift */,
				E4EAFC702B025FF60095D10B /* DataController.swift */,
				E4EAFC322B023AF80095D10B /* Persistence.swift */,
			);
			path = Data;
			sourceTree = "<group>";
		};
		E4EAFC5B2B0240620095D10B /* Views */ = {
			isa = PBXGroup;
			children = (
				E4EAFC2B2B023AF10095D10B /* ContentView.swift */,
			);
			path = Views;
			sourceTree = "<group>";
		};
		E4EAFC5C2B02406E0095D10B /* ViewModifiers */ = {
			isa = PBXGroup;
			children = (
			);
			path = ViewModifiers;
			sourceTree = "<group>";
		};
		E4EAFC6F2B0259B70095D10B /* CoreData */ = {
			isa = PBXGroup;
			children = (
				E4EAFC342B023AF80095D10B /* Ratatouille.xcdatamodeld */,
				E4EAFC742B02718C0095D10B /* Category+CoreDataClass.swift */,
				E4EAFC752B02718C0095D10B /* Category+CoreDataProperties.swift */,
				E4EAFC7C2B028EC40095D10B /* Ingredient+CoreDataClass.swift */,
				E406444E2B0BE48500028CBD /* Ingredient+CoreDataProperties.swift */,
				E4EAFC612B0259A50095D10B /* Meal+CoreDataClass.swift */,
				E406444C2B0BE48500028CBD /* Meal+CoreDataProperties.swift */,
				E4EAFC652B0259A50095D10B /* Area+CoreDataClass.swift */,
				E4EAFC662B0259A50095D10B /* Area+CoreDataProperties.swift */,
			);
			path = CoreData;
			sourceTree = "<group>";
		};
/* End PBXGroup section */

/* Begin PBXNativeTarget section */
		E4EAFC252B023AF10095D10B /* Ratatouille */ = {
			isa = PBXNativeTarget;
			buildConfigurationList = E4EAFC4F2B023AF80095D10B /* Build configuration list for PBXNativeTarget "Ratatouille" */;
			buildPhases = (
				E4EAFC222B023AF10095D10B /* Sources */,
				E4EAFC232B023AF10095D10B /* Frameworks */,
				E4EAFC242B023AF10095D10B /* Resources */,
			);
			buildRules = (
			);
			dependencies = (
			);
			name = Ratatouille;
			productName = Ratatouille;
			productReference = E4EAFC262B023AF10095D10B /* Ratatouille.app */;
			productType = "com.apple.product-type.application";
		};
		E4EAFC3A2B023AF80095D10B /* RatatouilleTests */ = {
			isa = PBXNativeTarget;
			buildConfigurationList = E4EAFC522B023AF80095D10B /* Build configuration list for PBXNativeTarget "RatatouilleTests" */;
			buildPhases = (
				E4EAFC372B023AF80095D10B /* Sources */,
				E4EAFC382B023AF80095D10B /* Frameworks */,
				E4EAFC392B023AF80095D10B /* Resources */,
			);
			buildRules = (
			);
			dependencies = (
				E4EAFC3D2B023AF80095D10B /* PBXTargetDependency */,
			);
			name = RatatouilleTests;
			productName = RatatouilleTests;
			productReference = E4EAFC3B2B023AF80095D10B /* RatatouilleTests.xctest */;
			productType = "com.apple.product-type.bundle.unit-test";
		};
		E4EAFC442B023AF80095D10B /* RatatouilleUITests */ = {
			isa = PBXNativeTarget;
			buildConfigurationList = E4EAFC552B023AF80095D10B /* Build configuration list for PBXNativeTarget "RatatouilleUITests" */;
			buildPhases = (
				E4EAFC412B023AF80095D10B /* Sources */,
				E4EAFC422B023AF80095D10B /* Frameworks */,
				E4EAFC432B023AF80095D10B /* Resources */,
			);
			buildRules = (
			);
			dependencies = (
				E4EAFC472B023AF80095D10B /* PBXTargetDependency */,
			);
			name = RatatouilleUITests;
			productName = RatatouilleUITests;
			productReference = E4EAFC452B023AF80095D10B /* RatatouilleUITests.xctest */;
			productType = "com.apple.product-type.bundle.ui-testing";
		};
/* End PBXNativeTarget section */

/* Begin PBXProject section */
		E4EAFC1E2B023AF10095D10B /* Project object */ = {
			isa = PBXProject;
			attributes = {
				BuildIndependentTargetsInParallel = 1;
				LastSwiftUpdateCheck = 1430;
				LastUpgradeCheck = 1430;
				TargetAttributes = {
					E4EAFC252B023AF10095D10B = {
						CreatedOnToolsVersion = 14.3.1;
					};
					E4EAFC3A2B023AF80095D10B = {
						CreatedOnToolsVersion = 14.3.1;
						TestTargetID = E4EAFC252B023AF10095D10B;
					};
					E4EAFC442B023AF80095D10B = {
						CreatedOnToolsVersion = 14.3.1;
						TestTargetID = E4EAFC252B023AF10095D10B;
					};
				};
			};
			buildConfigurationList = E4EAFC212B023AF10095D10B /* Build configuration list for PBXProject "Ratatouille" */;
			compatibilityVersion = "Xcode 14.0";
			developmentRegion = en;
			hasScannedForEncodings = 0;
			knownRegions = (
				en,
				Base,
			);
			mainGroup = E4EAFC1D2B023AF10095D10B;
			productRefGroup = E4EAFC272B023AF10095D10B /* Products */;
			projectDirPath = "";
			projectRoot = "";
			targets = (
				E4EAFC252B023AF10095D10B /* Ratatouille */,
				E4EAFC3A2B023AF80095D10B /* RatatouilleTests */,
				E4EAFC442B023AF80095D10B /* RatatouilleUITests */,
			);
		};
/* End PBXProject section */

/* Begin PBXResourcesBuildPhase section */
		E4EAFC242B023AF10095D10B /* Resources */ = {
			isa = PBXResourcesBuildPhase;
			buildActionMask = 2147483647;
			files = (
				E4EAFC312B023AF80095D10B /* Preview Assets.xcassets in Resources */,
				E4EAFC2E2B023AF80095D10B /* Assets.xcassets in Resources */,
			);
			runOnlyForDeploymentPostprocessing = 0;
		};
		E4EAFC392B023AF80095D10B /* Resources */ = {
			isa = PBXResourcesBuildPhase;
			buildActionMask = 2147483647;
			files = (
			);
			runOnlyForDeploymentPostprocessing = 0;
		};
		E4EAFC432B023AF80095D10B /* Resources */ = {
			isa = PBXResourcesBuildPhase;
			buildActionMask = 2147483647;
			files = (
			);
			runOnlyForDeploymentPostprocessing = 0;
		};
/* End PBXResourcesBuildPhase section */

/* Begin PBXSourcesBuildPhase section */
		E4EAFC222B023AF10095D10B /* Sources */ = {
			isa = PBXSourcesBuildPhase;
			buildActionMask = 2147483647;
			files = (
				E4EAFC332B023AF80095D10B /* Persistence.swift in Sources */,
				E4EAFC2C2B023AF10095D10B /* ContentView.swift in Sources */,
				E4EAFC762B02718C0095D10B /* Category+CoreDataClass.swift in Sources */,
				E4EAFC362B023AF80095D10B /* Ratatouille.xcdatamodeld in Sources */,
				E4EAFC712B025FF60095D10B /* DataController.swift in Sources */,
				E4EAFC772B02718C0095D10B /* Category+CoreDataProperties.swift in Sources */,
				E4EAFC5E2B0243CF0095D10B /* APIClient.swift in Sources */,
				E4EAFC7E2B028EC40095D10B /* Ingredient+CoreDataClass.swift in Sources */,
				E4EAFC6D2B0259A50095D10B /* Area+CoreDataClass.swift in Sources */,
				E40644542B0BE48500028CBD /* Ingredient+CoreDataProperties.swift in Sources */,
				E40644522B0BE48500028CBD /* Meal+CoreDataProperties.swift in Sources */,
				E4EAFC6E2B0259A50095D10B /* Area+CoreDataProperties.swift in Sources */,
				E4EAFC692B0259A50095D10B /* Meal+CoreDataClass.swift in Sources */,
				E4EAFC2A2B023AF10095D10B /* RatatouilleApp.swift in Sources */,
			);
			runOnlyForDeploymentPostprocessing = 0;
		};
		E4EAFC372B023AF80095D10B /* Sources */ = {
			isa = PBXSourcesBuildPhase;
			buildActionMask = 2147483647;
			files = (
				E4EAFC402B023AF80095D10B /* RatatouilleTests.swift in Sources */,
			);
			runOnlyForDeploymentPostprocessing = 0;
		};
		E4EAFC412B023AF80095D10B /* Sources */ = {
			isa = PBXSourcesBuildPhase;
			buildActionMask = 2147483647;
			files = (
				E4EAFC4A2B023AF80095D10B /* RatatouilleUITests.swift in Sources */,
				E4EAFC4C2B023AF80095D10B /* RatatouilleUITestsLaunchTests.swift in Sources */,
			);
			runOnlyForDeploymentPostprocessing = 0;
		};
/* End PBXSourcesBuildPhase section */

/* Begin PBXTargetDependency section */
		E4EAFC3D2B023AF80095D10B /* PBXTargetDependency */ = {
			isa = PBXTargetDependency;
			target = E4EAFC252B023AF10095D10B /* Ratatouille */;
			targetProxy = E4EAFC3C2B023AF80095D10B /* PBXContainerItemProxy */;
		};
		E4EAFC472B023AF80095D10B /* PBXTargetDependency */ = {
			isa = PBXTargetDependency;
			target = E4EAFC252B023AF10095D10B /* Ratatouille */;
			targetProxy = E4EAFC462B023AF80095D10B /* PBXContainerItemProxy */;
		};
/* End PBXTargetDependency section */

/* Begin XCBuildConfiguration section */
		E4EAFC4D2B023AF80095D10B /* Debug */ = {
			isa = XCBuildConfiguration;
			buildSettings = {
				ALWAYS_SEARCH_USER_PATHS = NO;
				CLANG_ANALYZER_NONNULL = YES;
				CLANG_ANALYZER_NUMBER_OBJECT_CONVERSION = YES_AGGRESSIVE;
				CLANG_CXX_LANGUAGE_STANDARD = "gnu++20";
				CLANG_ENABLE_MODULES = YES;
				CLANG_ENABLE_OBJC_ARC = YES;
				CLANG_ENABLE_OBJC_WEAK = YES;
				CLANG_WARN_BLOCK_CAPTURE_AUTORELEASING = YES;
				CLANG_WARN_BOOL_CONVERSION = YES;
				CLANG_WARN_COMMA = YES;
				CLANG_WARN_CONSTANT_CONVERSION = YES;
				CLANG_WARN_DEPRECATED_OBJC_IMPLEMENTATIONS = YES;
				CLANG_WARN_DIRECT_OBJC_ISA_USAGE = YES_ERROR;
				CLANG_WARN_DOCUMENTATION_COMMENTS = YES;
				CLANG_WARN_EMPTY_BODY = YES;
				CLANG_WARN_ENUM_CONVERSION = YES;
				CLANG_WARN_INFINITE_RECURSION = YES;
				CLANG_WARN_INT_CONVERSION = YES;
				CLANG_WARN_NON_LITERAL_NULL_CONVERSION = YES;
				CLANG_WARN_OBJC_IMPLICIT_RETAIN_SELF = YES;
				CLANG_WARN_OBJC_LITERAL_CONVERSION = YES;
				CLANG_WARN_OBJC_ROOT_CLASS = YES_ERROR;
				CLANG_WARN_QUOTED_INCLUDE_IN_FRAMEWORK_HEADER = YES;
				CLANG_WARN_RANGE_LOOP_ANALYSIS = YES;
				CLANG_WARN_STRICT_PROTOTYPES = YES;
				CLANG_WARN_SUSPICIOUS_MOVE = YES;
				CLANG_WARN_UNGUARDED_AVAILABILITY = YES_AGGRESSIVE;
				CLANG_WARN_UNREACHABLE_CODE = YES;
				CLANG_WARN__DUPLICATE_METHOD_MATCH = YES;
				COPY_PHASE_STRIP = NO;
				DEBUG_INFORMATION_FORMAT = dwarf;
				ENABLE_STRICT_OBJC_MSGSEND = YES;
				ENABLE_TESTABILITY = YES;
				GCC_C_LANGUAGE_STANDARD = gnu11;
				GCC_DYNAMIC_NO_PIC = NO;
				GCC_NO_COMMON_BLOCKS = YES;
				GCC_OPTIMIZATION_LEVEL = 0;
				GCC_PREPROCESSOR_DEFINITIONS = (
					"DEBUG=1",
					"$(inherited)",
				);
				GCC_WARN_64_TO_32_BIT_CONVERSION = YES;
				GCC_WARN_ABOUT_RETURN_TYPE = YES_ERROR;
				GCC_WARN_UNDECLARED_SELECTOR = YES;
				GCC_WARN_UNINITIALIZED_AUTOS = YES_AGGRESSIVE;
				GCC_WARN_UNUSED_FUNCTION = YES;
				GCC_WARN_UNUSED_VARIABLE = YES;
				IPHONEOS_DEPLOYMENT_TARGET = 16.4;
				MTL_ENABLE_DEBUG_INFO = INCLUDE_SOURCE;
				MTL_FAST_MATH = YES;
				ONLY_ACTIVE_ARCH = YES;
				SDKROOT = iphoneos;
				SWIFT_ACTIVE_COMPILATION_CONDITIONS = DEBUG;
				SWIFT_OPTIMIZATION_LEVEL = "-Onone";
			};
			name = Debug;
		};
		E4EAFC4E2B023AF80095D10B /* Release */ = {
			isa = XCBuildConfiguration;
			buildSettings = {
				ALWAYS_SEARCH_USER_PATHS = NO;
				CLANG_ANALYZER_NONNULL = YES;
				CLANG_ANALYZER_NUMBER_OBJECT_CONVERSION = YES_AGGRESSIVE;
				CLANG_CXX_LANGUAGE_STANDARD = "gnu++20";
				CLANG_ENABLE_MODULES = YES;
				CLANG_ENABLE_OBJC_ARC = YES;
				CLANG_ENABLE_OBJC_WEAK = YES;
				CLANG_WARN_BLOCK_CAPTURE_AUTORELEASING = YES;
				CLANG_WARN_BOOL_CONVERSION = YES;
				CLANG_WARN_COMMA = YES;
				CLANG_WARN_CONSTANT_CONVERSION = YES;
				CLANG_WARN_DEPRECATED_OBJC_IMPLEMENTATIONS = YES;
				CLANG_WARN_DIRECT_OBJC_ISA_USAGE = YES_ERROR;
				CLANG_WARN_DOCUMENTATION_COMMENTS = YES;
				CLANG_WARN_EMPTY_BODY = YES;
				CLANG_WARN_ENUM_CONVERSION = YES;
				CLANG_WARN_INFINITE_RECURSION = YES;
				CLANG_WARN_INT_CONVERSION = YES;
				CLANG_WARN_NON_LITERAL_NULL_CONVERSION = YES;
				CLANG_WARN_OBJC_IMPLICIT_RETAIN_SELF = YES;
				CLANG_WARN_OBJC_LITERAL_CONVERSION = YES;
				CLANG_WARN_OBJC_ROOT_CLASS = YES_ERROR;
				CLANG_WARN_QUOTED_INCLUDE_IN_FRAMEWORK_HEADER = YES;
				CLANG_WARN_RANGE_LOOP_ANALYSIS = YES;
				CLANG_WARN_STRICT_PROTOTYPES = YES;
				CLANG_WARN_SUSPICIOUS_MOVE = YES;
				CLANG_WARN_UNGUARDED_AVAILABILITY = YES_AGGRESSIVE;
				CLANG_WARN_UNREACHABLE_CODE = YES;
				CLANG_WARN__DUPLICATE_METHOD_MATCH = YES;
				COPY_PHASE_STRIP = NO;
				DEBUG_INFORMATION_FORMAT = "dwarf-with-dsym";
				ENABLE_NS_ASSERTIONS = NO;
				ENABLE_STRICT_OBJC_MSGSEND = YES;
				GCC_C_LANGUAGE_STANDARD = gnu11;
				GCC_NO_COMMON_BLOCKS = YES;
				GCC_WARN_64_TO_32_BIT_CONVERSION = YES;
				GCC_WARN_ABOUT_RETURN_TYPE = YES_ERROR;
				GCC_WARN_UNDECLARED_SELECTOR = YES;
				GCC_WARN_UNINITIALIZED_AUTOS = YES_AGGRESSIVE;
				GCC_WARN_UNUSED_FUNCTION = YES;
				GCC_WARN_UNUSED_VARIABLE = YES;
				IPHONEOS_DEPLOYMENT_TARGET = 16.4;
				MTL_ENABLE_DEBUG_INFO = NO;
				MTL_FAST_MATH = YES;
				SDKROOT = iphoneos;
				SWIFT_COMPILATION_MODE = wholemodule;
				SWIFT_OPTIMIZATION_LEVEL = "-O";
				VALIDATE_PRODUCT = YES;
			};
			name = Release;
		};
		E4EAFC502B023AF80095D10B /* Debug */ = {
			isa = XCBuildConfiguration;
			buildSettings = {
				ASSETCATALOG_COMPILER_APPICON_NAME = AppIcon;
				ASSETCATALOG_COMPILER_GLOBAL_ACCENT_COLOR_NAME = AccentColor;
				CODE_SIGN_STYLE = Automatic;
				CURRENT_PROJECT_VERSION = 1;
				DEVELOPMENT_ASSET_PATHS = "\"Ratatouille/Preview Content\"";
				ENABLE_PREVIEWS = YES;
				GENERATE_INFOPLIST_FILE = YES;
				INFOPLIST_KEY_UIApplicationSceneManifest_Generation = YES;
				INFOPLIST_KEY_UIApplicationSupportsIndirectInputEvents = YES;
				INFOPLIST_KEY_UILaunchScreen_Generation = YES;
				INFOPLIST_KEY_UISupportedInterfaceOrientations_iPad = "UIInterfaceOrientationPortrait UIInterfaceOrientationPortraitUpsideDown UIInterfaceOrientationLandscapeLeft UIInterfaceOrientationLandscapeRight";
				INFOPLIST_KEY_UISupportedInterfaceOrientations_iPhone = "UIInterfaceOrientationPortrait UIInterfaceOrientationLandscapeLeft UIInterfaceOrientationLandscapeRight";
				LD_RUNPATH_SEARCH_PATHS = (
					"$(inherited)",
					"@executable_path/Frameworks",
				);
				MARKETING_VERSION = 1.0;
				PRODUCT_BUNDLE_IDENTIFIER = PG5602.Ratatouille;
				PRODUCT_NAME = "$(TARGET_NAME)";
				SWIFT_EMIT_LOC_STRINGS = YES;
				SWIFT_VERSION = 5.0;
				TARGETED_DEVICE_FAMILY = "1,2";
			};
			name = Debug;
		};
		E4EAFC512B023AF80095D10B /* Release */ = {
			isa = XCBuildConfiguration;
			buildSettings = {
				ASSETCATALOG_COMPILER_APPICON_NAME = AppIcon;
				ASSETCATALOG_COMPILER_GLOBAL_ACCENT_COLOR_NAME = AccentColor;
				CODE_SIGN_STYLE = Automatic;
				CURRENT_PROJECT_VERSION = 1;
				DEVELOPMENT_ASSET_PATHS = "\"Ratatouille/Preview Content\"";
				ENABLE_PREVIEWS = YES;
				GENERATE_INFOPLIST_FILE = YES;
				INFOPLIST_KEY_UIApplicationSceneManifest_Generation = YES;
				INFOPLIST_KEY_UIApplicationSupportsIndirectInputEvents = YES;
				INFOPLIST_KEY_UILaunchScreen_Generation = YES;
				INFOPLIST_KEY_UISupportedInterfaceOrientations_iPad = "UIInterfaceOrientationPortrait UIInterfaceOrientationPortraitUpsideDown UIInterfaceOrientationLandscapeLeft UIInterfaceOrientationLandscapeRight";
				INFOPLIST_KEY_UISupportedInterfaceOrientations_iPhone = "UIInterfaceOrientationPortrait UIInterfaceOrientationLandscapeLeft UIInterfaceOrientationLandscapeRight";
				LD_RUNPATH_SEARCH_PATHS = (
					"$(inherited)",
					"@executable_path/Frameworks",
				);
				MARKETING_VERSION = 1.0;
				PRODUCT_BUNDLE_IDENTIFIER = PG5602.Ratatouille;
				PRODUCT_NAME = "$(TARGET_NAME)";
				SWIFT_EMIT_LOC_STRINGS = YES;
				SWIFT_VERSION = 5.0;
				TARGETED_DEVICE_FAMILY = "1,2";
			};
			name = Release;
		};
		E4EAFC532B023AF80095D10B /* Debug */ = {
			isa = XCBuildConfiguration;
			buildSettings = {
				ALWAYS_EMBED_SWIFT_STANDARD_LIBRARIES = YES;
				BUNDLE_LOADER = "$(TEST_HOST)";
				CODE_SIGN_STYLE = Automatic;
				CURRENT_PROJECT_VERSION = 1;
				GENERATE_INFOPLIST_FILE = YES;
				IPHONEOS_DEPLOYMENT_TARGET = 16.4;
				MARKETING_VERSION = 1.0;
				PRODUCT_BUNDLE_IDENTIFIER = PG5602.RatatouilleTests;
				PRODUCT_NAME = "$(TARGET_NAME)";
				SWIFT_EMIT_LOC_STRINGS = NO;
				SWIFT_VERSION = 5.0;
				TARGETED_DEVICE_FAMILY = "1,2";
				TEST_HOST = "$(BUILT_PRODUCTS_DIR)/Ratatouille.app/$(BUNDLE_EXECUTABLE_FOLDER_PATH)/Ratatouille";
			};
			name = Debug;
		};
		E4EAFC542B023AF80095D10B /* Release */ = {
			isa = XCBuildConfiguration;
			buildSettings = {
				ALWAYS_EMBED_SWIFT_STANDARD_LIBRARIES = YES;
				BUNDLE_LOADER = "$(TEST_HOST)";
				CODE_SIGN_STYLE = Automatic;
				CURRENT_PROJECT_VERSION = 1;
				GENERATE_INFOPLIST_FILE = YES;
				IPHONEOS_DEPLOYMENT_TARGET = 16.4;
				MARKETING_VERSION = 1.0;
				PRODUCT_BUNDLE_IDENTIFIER = PG5602.RatatouilleTests;
				PRODUCT_NAME = "$(TARGET_NAME)";
				SWIFT_EMIT_LOC_STRINGS = NO;
				SWIFT_VERSION = 5.0;
				TARGETED_DEVICE_FAMILY = "1,2";
				TEST_HOST = "$(BUILT_PRODUCTS_DIR)/Ratatouille.app/$(BUNDLE_EXECUTABLE_FOLDER_PATH)/Ratatouille";
			};
			name = Release;
		};
		E4EAFC562B023AF80095D10B /* Debug */ = {
			isa = XCBuildConfiguration;
			buildSettings = {
				ALWAYS_EMBED_SWIFT_STANDARD_LIBRARIES = YES;
				CODE_SIGN_STYLE = Automatic;
				CURRENT_PROJECT_VERSION = 1;
				GENERATE_INFOPLIST_FILE = YES;
				MARKETING_VERSION = 1.0;
				PRODUCT_BUNDLE_IDENTIFIER = PG5602.RatatouilleUITests;
				PRODUCT_NAME = "$(TARGET_NAME)";
				SWIFT_EMIT_LOC_STRINGS = NO;
				SWIFT_VERSION = 5.0;
				TARGETED_DEVICE_FAMILY = "1,2";
				TEST_TARGET_NAME = Ratatouille;
			};
			name = Debug;
		};
		E4EAFC572B023AF80095D10B /* Release */ = {
			isa = XCBuildConfiguration;
			buildSettings = {
				ALWAYS_EMBED_SWIFT_STANDARD_LIBRARIES = YES;
				CODE_SIGN_STYLE = Automatic;
				CURRENT_PROJECT_VERSION = 1;
				GENERATE_INFOPLIST_FILE = YES;
				MARKETING_VERSION = 1.0;
				PRODUCT_BUNDLE_IDENTIFIER = PG5602.RatatouilleUITests;
				PRODUCT_NAME = "$(TARGET_NAME)";
				SWIFT_EMIT_LOC_STRINGS = NO;
				SWIFT_VERSION = 5.0;
				TARGETED_DEVICE_FAMILY = "1,2";
				TEST_TARGET_NAME = Ratatouille;
			};
			name = Release;
		};
/* End XCBuildConfiguration section */

/* Begin XCConfigurationList section */
		E4EAFC212B023AF10095D10B /* Build configuration list for PBXProject "Ratatouille" */ = {
			isa = XCConfigurationList;
			buildConfigurations = (
				E4EAFC4D2B023AF80095D10B /* Debug */,
				E4EAFC4E2B023AF80095D10B /* Release */,
			);
			defaultConfigurationIsVisible = 0;
			defaultConfigurationName = Release;
		};
		E4EAFC4F2B023AF80095D10B /* Build configuration list for PBXNativeTarget "Ratatouille" */ = {
			isa = XCConfigurationList;
			buildConfigurations = (
				E4EAFC502B023AF80095D10B /* Debug */,
				E4EAFC512B023AF80095D10B /* Release */,
			);
			defaultConfigurationIsVisible = 0;
			defaultConfigurationName = Release;
		};
		E4EAFC522B023AF80095D10B /* Build configuration list for PBXNativeTarget "RatatouilleTests" */ = {
			isa = XCConfigurationList;
			buildConfigurations = (
				E4EAFC532B023AF80095D10B /* Debug */,
				E4EAFC542B023AF80095D10B /* Release */,
			);
			defaultConfigurationIsVisible = 0;
			defaultConfigurationName = Release;
		};
		E4EAFC552B023AF80095D10B /* Build configuration list for PBXNativeTarget "RatatouilleUITests" */ = {
			isa = XCConfigurationList;
			buildConfigurations = (
				E4EAFC562B023AF80095D10B /* Debug */,
				E4EAFC572B023AF80095D10B /* Release */,
			);
			defaultConfigurationIsVisible = 0;
			defaultConfigurationName = Release;
		};
/* End XCConfigurationList section */

/* Begin XCVersionGroup section */
		E4EAFC342B023AF80095D10B /* Ratatouille.xcdatamodeld */ = {
			isa = XCVersionGroup;
			children = (
				E4EAFC352B023AF80095D10B /* Ratatouille.xcdatamodel */,
			);
			currentVersion = E4EAFC352B023AF80095D10B /* Ratatouille.xcdatamodel */;
			path = Ratatouille.xcdatamodeld;
			sourceTree = "<group>";
			versionGroupType = wrapper.xcdatamodel;
		};
/* End XCVersionGroup section */
	};
	rootObject = E4EAFC1E2B023AF10095D10B /* Project object */;
}
