// !$*UTF8*$!
{
	archiveVersion = 1;
	classes = {
	};
	objectVersion = 56;
	objects = {

/* Begin PBXBuildFile section */
		E40644522B0BE48500028CBD /* Meal+CoreDataProperties.swift in Sources */ = {isa = PBXBuildFile; fileRef = E406444C2B0BE48500028CBD /* Meal+CoreDataProperties.swift */; };
		E40644542B0BE48500028CBD /* Ingredient+CoreDataProperties.swift in Sources */ = {isa = PBXBuildFile; fileRef = E406444E2B0BE48500028CBD /* Ingredient+CoreDataProperties.swift */; };
		E40644592B0CDDBC00028CBD /* Commands.swift in Sources */ = {isa = PBXBuildFile; fileRef = E40644582B0CDDBC00028CBD /* Commands.swift */; };
		E406445B2B0CF28600028CBD /* RecipeBrowserView.swift in Sources */ = {isa = PBXBuildFile; fileRef = E406445A2B0CF28600028CBD /* RecipeBrowserView.swift */; };
		E406445D2B0D0F3500028CBD /* MealItemView.swift in Sources */ = {isa = PBXBuildFile; fileRef = E406445C2B0D0F3500028CBD /* MealItemView.swift */; };
		E406445F2B0D1AED00028CBD /* CircleImage.swift in Sources */ = {isa = PBXBuildFile; fileRef = E406445E2B0D1AED00028CBD /* CircleImage.swift */; };
		E40644612B0D2FBC00028CBD /* MyColors.swift in Sources */ = {isa = PBXBuildFile; fileRef = E40644602B0D2FBC00028CBD /* MyColors.swift */; };
		E40644682B0E725200028CBD /* MealModel.swift in Sources */ = {isa = PBXBuildFile; fileRef = E40644672B0E725200028CBD /* MealModel.swift */; };
		E406446C2B0E86F900028CBD /* APIClient.swift in Sources */ = {isa = PBXBuildFile; fileRef = E406446B2B0E86F900028CBD /* APIClient.swift */; };
		E406446E2B0E94F000028CBD /* AreaModel.swift in Sources */ = {isa = PBXBuildFile; fileRef = E406446D2B0E94F000028CBD /* AreaModel.swift */; };
		E40644702B0E951600028CBD /* CategoryModel.swift in Sources */ = {isa = PBXBuildFile; fileRef = E406446F2B0E951600028CBD /* CategoryModel.swift */; };
		E40644722B0E953D00028CBD /* IngredientModel.swift in Sources */ = {isa = PBXBuildFile; fileRef = E40644712B0E953D00028CBD /* IngredientModel.swift */; };
		E406447D2B0EB94700028CBD /* SettingsView.swift in Sources */ = {isa = PBXBuildFile; fileRef = E406447C2B0EB94700028CBD /* SettingsView.swift */; };
		E406447F2B0EBDDF00028CBD /* FavoritesView.swift in Sources */ = {isa = PBXBuildFile; fileRef = E406447E2B0EBDDF00028CBD /* FavoritesView.swift */; };
		E40644832B0EE95D00028CBD /* DarkModeViewModifier.swift in Sources */ = {isa = PBXBuildFile; fileRef = E40644822B0EE95D00028CBD /* DarkModeViewModifier.swift */; };
		E40644862B0F7B3700028CBD /* SwiftyGif in Frameworks */ = {isa = PBXBuildFile; productRef = E40644852B0F7B3700028CBD /* SwiftyGif */; };
		E406448A2B0F82E700028CBD /* AnimatedGif.swift in Sources */ = {isa = PBXBuildFile; fileRef = E40644892B0F82E700028CBD /* AnimatedGif.swift */; };
		E406448F2B0F86E200028CBD /* ViewCoordinator.swift in Sources */ = {isa = PBXBuildFile; fileRef = E406448E2B0F86E200028CBD /* ViewCoordinator.swift */; };
		E40644912B10349500028CBD /* SwipeIcons.swift in Sources */ = {isa = PBXBuildFile; fileRef = E40644902B10349500028CBD /* SwipeIcons.swift */; };
		E40644932B10350600028CBD /* ImageWidget.swift in Sources */ = {isa = PBXBuildFile; fileRef = E40644922B10350600028CBD /* ImageWidget.swift */; };
		E40644952B1035A300028CBD /* MealCardContent.swift in Sources */ = {isa = PBXBuildFile; fileRef = E40644942B1035A300028CBD /* MealCardContent.swift */; };
		E42525262B18B8EB00A099C1 /* ViewExtensions.swift in Sources */ = {isa = PBXBuildFile; fileRef = E42525252B18B8EB00A099C1 /* ViewExtensions.swift */; };
		E42525282B18B99400A099C1 /* InputFieldViewModifier.swift in Sources */ = {isa = PBXBuildFile; fileRef = E42525272B18B99400A099C1 /* InputFieldViewModifier.swift */; };
		E425252A2B18C9CE00A099C1 /* Representables.swift in Sources */ = {isa = PBXBuildFile; fileRef = E42525292B18C9CE00A099C1 /* Representables.swift */; };
		E425252C2B19174200A099C1 /* FavoriteItemView.swift in Sources */ = {isa = PBXBuildFile; fileRef = E425252B2B19174200A099C1 /* FavoriteItemView.swift */; };
		E425252E2B1956FC00A099C1 /* AreaSheetView.swift in Sources */ = {isa = PBXBuildFile; fileRef = E425252D2B1956FC00A099C1 /* AreaSheetView.swift */; };
		E469628B2B13B19400D100E6 /* FlagAPIClient.swift in Sources */ = {isa = PBXBuildFile; fileRef = E469628A2B13B19400D100E6 /* FlagAPIClient.swift */; };
		E469628E2B13E6C300D100E6 /* Nuke in Frameworks */ = {isa = PBXBuildFile; productRef = E469628D2B13E6C300D100E6 /* Nuke */; };
		E46962902B13E6C300D100E6 /* NukeUI in Frameworks */ = {isa = PBXBuildFile; productRef = E469628F2B13E6C300D100E6 /* NukeUI */; };
		E46962922B14E59800D100E6 /* ImageLoadingAnimation.swift in Sources */ = {isa = PBXBuildFile; fileRef = E46962912B14E59800D100E6 /* ImageLoadingAnimation.swift */; };
		E46962962B15334900D100E6 /* remy-eating.gif in Resources */ = {isa = PBXBuildFile; fileRef = E46962952B15334900D100E6 /* remy-eating.gif */; };
		E46962982B15421B00D100E6 /* CategoryListView.swift in Sources */ = {isa = PBXBuildFile; fileRef = E46962972B15421B00D100E6 /* CategoryListView.swift */; };
		E469629A2B15448E00D100E6 /* MealListView.swift in Sources */ = {isa = PBXBuildFile; fileRef = E46962992B15448E00D100E6 /* MealListView.swift */; };
		E46962A02B15465900D100E6 /* ArchiveView.swift in Sources */ = {isa = PBXBuildFile; fileRef = E469629F2B15465900D100E6 /* ArchiveView.swift */; };
		E4DA4EA52B195DF3004B4334 /* IngredientSheetView.swift in Sources */ = {isa = PBXBuildFile; fileRef = E4DA4EA42B195DF3004B4334 /* IngredientSheetView.swift */; };
		E4E3B9692B114BD9008591D3 /* CategoryItemView.swift in Sources */ = {isa = PBXBuildFile; fileRef = E4E3B9682B114BD9008591D3 /* CategoryItemView.swift */; };
		E4E3B96C2B12A005008591D3 /* Archive+CoreDataClass.swift in Sources */ = {isa = PBXBuildFile; fileRef = E4E3B96A2B12A005008591D3 /* Archive+CoreDataClass.swift */; };
		E4E3B96D2B12A005008591D3 /* Archive+CoreDataProperties.swift in Sources */ = {isa = PBXBuildFile; fileRef = E4E3B96B2B12A005008591D3 /* Archive+CoreDataProperties.swift */; };
		E4E3B96F2B12A0AD008591D3 /* SearchCommands.swift in Sources */ = {isa = PBXBuildFile; fileRef = E4E3B96E2B12A0AD008591D3 /* SearchCommands.swift */; };
		E4E3B9712B12A0BD008591D3 /* ListCommands.swift in Sources */ = {isa = PBXBuildFile; fileRef = E4E3B9702B12A0BD008591D3 /* ListCommands.swift */; };
		E4E3B9732B12A0CA008591D3 /* FavoriteCommands.swift in Sources */ = {isa = PBXBuildFile; fileRef = E4E3B9722B12A0CA008591D3 /* FavoriteCommands.swift */; };
		E4E3B9752B12A0DB008591D3 /* ArchiveCommands.swift in Sources */ = {isa = PBXBuildFile; fileRef = E4E3B9742B12A0DB008591D3 /* ArchiveCommands.swift */; };
		E4E3B9772B12CD30008591D3 /* MealDetailView.swift in Sources */ = {isa = PBXBuildFile; fileRef = E4E3B9762B12CD30008591D3 /* MealDetailView.swift */; };
		E4E3B9792B12D3DF008591D3 /* DemoMeal.swift in Sources */ = {isa = PBXBuildFile; fileRef = E4E3B9782B12D3DF008591D3 /* DemoMeal.swift */; };
		E4EAFC2A2B023AF10095D10B /* RatatouilleApp.swift in Sources */ = {isa = PBXBuildFile; fileRef = E4EAFC292B023AF10095D10B /* RatatouilleApp.swift */; };
		E4EAFC2E2B023AF80095D10B /* Assets.xcassets in Resources */ = {isa = PBXBuildFile; fileRef = E4EAFC2D2B023AF80095D10B /* Assets.xcassets */; };
		E4EAFC312B023AF80095D10B /* Preview Assets.xcassets in Resources */ = {isa = PBXBuildFile; fileRef = E4EAFC302B023AF80095D10B /* Preview Assets.xcassets */; };
		E4EAFC362B023AF80095D10B /* Ratatouille.xcdatamodeld in Sources */ = {isa = PBXBuildFile; fileRef = E4EAFC342B023AF80095D10B /* Ratatouille.xcdatamodeld */; };
		E4EAFC402B023AF80095D10B /* RatatouilleTests.swift in Sources */ = {isa = PBXBuildFile; fileRef = E4EAFC3F2B023AF80095D10B /* RatatouilleTests.swift */; };
		E4EAFC4A2B023AF80095D10B /* RatatouilleUITests.swift in Sources */ = {isa = PBXBuildFile; fileRef = E4EAFC492B023AF80095D10B /* RatatouilleUITests.swift */; };
		E4EAFC4C2B023AF80095D10B /* RatatouilleUITestsLaunchTests.swift in Sources */ = {isa = PBXBuildFile; fileRef = E4EAFC4B2B023AF80095D10B /* RatatouilleUITestsLaunchTests.swift */; };
		E4EAFC692B0259A50095D10B /* Meal+CoreDataClass.swift in Sources */ = {isa = PBXBuildFile; fileRef = E4EAFC612B0259A50095D10B /* Meal+CoreDataClass.swift */; };
		E4EAFC6D2B0259A50095D10B /* Area+CoreDataClass.swift in Sources */ = {isa = PBXBuildFile; fileRef = E4EAFC652B0259A50095D10B /* Area+CoreDataClass.swift */; };
		E4EAFC6E2B0259A50095D10B /* Area+CoreDataProperties.swift in Sources */ = {isa = PBXBuildFile; fileRef = E4EAFC662B0259A50095D10B /* Area+CoreDataProperties.swift */; };
		E4EAFC712B025FF60095D10B /* DataController.swift in Sources */ = {isa = PBXBuildFile; fileRef = E4EAFC702B025FF60095D10B /* DataController.swift */; };
		E4EAFC762B02718C0095D10B /* Category+CoreDataClass.swift in Sources */ = {isa = PBXBuildFile; fileRef = E4EAFC742B02718C0095D10B /* Category+CoreDataClass.swift */; };
		E4EAFC772B02718C0095D10B /* Category+CoreDataProperties.swift in Sources */ = {isa = PBXBuildFile; fileRef = E4EAFC752B02718C0095D10B /* Category+CoreDataProperties.swift */; };
		E4EAFC7E2B028EC40095D10B /* Ingredient+CoreDataClass.swift in Sources */ = {isa = PBXBuildFile; fileRef = E4EAFC7C2B028EC40095D10B /* Ingredient+CoreDataClass.swift */; };
/* End PBXBuildFile section */

/* Begin PBXContainerItemProxy section */
		E4EAFC3C2B023AF80095D10B /* PBXContainerItemProxy */ = {
			isa = PBXContainerItemProxy;
			containerPortal = E4EAFC1E2B023AF10095D10B /* Project object */;
			proxyType = 1;
			remoteGlobalIDString = E4EAFC252B023AF10095D10B;
			remoteInfo = Ratatouille;
		};
		E4EAFC462B023AF80095D10B /* PBXContainerItemProxy */ = {
			isa = PBXContainerItemProxy;
			containerPortal = E4EAFC1E2B023AF10095D10B /* Project object */;
			proxyType = 1;
			remoteGlobalIDString = E4EAFC252B023AF10095D10B;
			remoteInfo = Ratatouille;
		};
/* End PBXContainerItemProxy section */

/* Begin PBXFileReference section */
		E406444C2B0BE48500028CBD /* Meal+CoreDataProperties.swift */ = {isa = PBXFileReference; lastKnownFileType = sourcecode.swift; path = "Meal+CoreDataProperties.swift"; sourceTree = "<group>"; };
		E406444E2B0BE48500028CBD /* Ingredient+CoreDataProperties.swift */ = {isa = PBXFileReference; lastKnownFileType = sourcecode.swift; path = "Ingredient+CoreDataProperties.swift"; sourceTree = "<group>"; };
		E40644582B0CDDBC00028CBD /* Commands.swift */ = {isa = PBXFileReference; lastKnownFileType = sourcecode.swift; path = Commands.swift; sourceTree = "<group>"; };
		E406445A2B0CF28600028CBD /* RecipeBrowserView.swift */ = {isa = PBXFileReference; lastKnownFileType = sourcecode.swift; path = RecipeBrowserView.swift; sourceTree = "<group>"; };
		E406445C2B0D0F3500028CBD /* MealItemView.swift */ = {isa = PBXFileReference; lastKnownFileType = sourcecode.swift; path = MealItemView.swift; sourceTree = "<group>"; };
		E406445E2B0D1AED00028CBD /* CircleImage.swift */ = {isa = PBXFileReference; lastKnownFileType = sourcecode.swift; path = CircleImage.swift; sourceTree = "<group>"; };
		E40644602B0D2FBC00028CBD /* MyColors.swift */ = {isa = PBXFileReference; lastKnownFileType = sourcecode.swift; path = MyColors.swift; sourceTree = "<group>"; };
		E40644672B0E725200028CBD /* MealModel.swift */ = {isa = PBXFileReference; lastKnownFileType = sourcecode.swift; path = MealModel.swift; sourceTree = "<group>"; };
		E406446B2B0E86F900028CBD /* APIClient.swift */ = {isa = PBXFileReference; lastKnownFileType = sourcecode.swift; path = APIClient.swift; sourceTree = "<group>"; };
		E406446D2B0E94F000028CBD /* AreaModel.swift */ = {isa = PBXFileReference; lastKnownFileType = sourcecode.swift; path = AreaModel.swift; sourceTree = "<group>"; };
		E406446F2B0E951600028CBD /* CategoryModel.swift */ = {isa = PBXFileReference; lastKnownFileType = sourcecode.swift; path = CategoryModel.swift; sourceTree = "<group>"; };
		E40644712B0E953D00028CBD /* IngredientModel.swift */ = {isa = PBXFileReference; lastKnownFileType = sourcecode.swift; path = IngredientModel.swift; sourceTree = "<group>"; };
		E406447C2B0EB94700028CBD /* SettingsView.swift */ = {isa = PBXFileReference; lastKnownFileType = sourcecode.swift; path = SettingsView.swift; sourceTree = "<group>"; };
		E406447E2B0EBDDF00028CBD /* FavoritesView.swift */ = {isa = PBXFileReference; lastKnownFileType = sourcecode.swift; path = FavoritesView.swift; sourceTree = "<group>"; };
		E40644822B0EE95D00028CBD /* DarkModeViewModifier.swift */ = {isa = PBXFileReference; lastKnownFileType = sourcecode.swift; path = DarkModeViewModifier.swift; sourceTree = "<group>"; };
		E40644892B0F82E700028CBD /* AnimatedGif.swift */ = {isa = PBXFileReference; lastKnownFileType = sourcecode.swift; path = AnimatedGif.swift; sourceTree = "<group>"; };
		E406448E2B0F86E200028CBD /* ViewCoordinator.swift */ = {isa = PBXFileReference; lastKnownFileType = sourcecode.swift; path = ViewCoordinator.swift; sourceTree = "<group>"; };
		E40644902B10349500028CBD /* SwipeIcons.swift */ = {isa = PBXFileReference; lastKnownFileType = sourcecode.swift; path = SwipeIcons.swift; sourceTree = "<group>"; };
		E40644922B10350600028CBD /* ImageWidget.swift */ = {isa = PBXFileReference; lastKnownFileType = sourcecode.swift; path = ImageWidget.swift; sourceTree = "<group>"; };
		E40644942B1035A300028CBD /* MealCardContent.swift */ = {isa = PBXFileReference; lastKnownFileType = sourcecode.swift; path = MealCardContent.swift; sourceTree = "<group>"; };
		E42525252B18B8EB00A099C1 /* ViewExtensions.swift */ = {isa = PBXFileReference; lastKnownFileType = sourcecode.swift; path = ViewExtensions.swift; sourceTree = "<group>"; };
		E42525272B18B99400A099C1 /* InputFieldViewModifier.swift */ = {isa = PBXFileReference; lastKnownFileType = sourcecode.swift; path = InputFieldViewModifier.swift; sourceTree = "<group>"; };
		E42525292B18C9CE00A099C1 /* Representables.swift */ = {isa = PBXFileReference; lastKnownFileType = sourcecode.swift; path = Representables.swift; sourceTree = "<group>"; };
		E425252B2B19174200A099C1 /* FavoriteItemView.swift */ = {isa = PBXFileReference; lastKnownFileType = sourcecode.swift; path = FavoriteItemView.swift; sourceTree = "<group>"; };
		E425252D2B1956FC00A099C1 /* AreaSheetView.swift */ = {isa = PBXFileReference; lastKnownFileType = sourcecode.swift; path = AreaSheetView.swift; sourceTree = "<group>"; };
		E469628A2B13B19400D100E6 /* FlagAPIClient.swift */ = {isa = PBXFileReference; lastKnownFileType = sourcecode.swift; path = FlagAPIClient.swift; sourceTree = "<group>"; };
		E46962912B14E59800D100E6 /* ImageLoadingAnimation.swift */ = {isa = PBXFileReference; lastKnownFileType = sourcecode.swift; path = ImageLoadingAnimation.swift; sourceTree = "<group>"; };
		E46962952B15334900D100E6 /* remy-eating.gif */ = {isa = PBXFileReference; lastKnownFileType = image.gif; path = "remy-eating.gif"; sourceTree = "<group>"; };
		E46962972B15421B00D100E6 /* CategoryListView.swift */ = {isa = PBXFileReference; lastKnownFileType = sourcecode.swift; path = CategoryListView.swift; sourceTree = "<group>"; };
		E46962992B15448E00D100E6 /* MealListView.swift */ = {isa = PBXFileReference; lastKnownFileType = sourcecode.swift; path = MealListView.swift; sourceTree = "<group>"; };
		E469629F2B15465900D100E6 /* ArchiveView.swift */ = {isa = PBXFileReference; lastKnownFileType = sourcecode.swift; path = ArchiveView.swift; sourceTree = "<group>"; };
		E4DA4EA42B195DF3004B4334 /* IngredientSheetView.swift */ = {isa = PBXFileReference; lastKnownFileType = sourcecode.swift; path = IngredientSheetView.swift; sourceTree = "<group>"; };
		E4E3B9682B114BD9008591D3 /* CategoryItemView.swift */ = {isa = PBXFileReference; lastKnownFileType = sourcecode.swift; path = CategoryItemView.swift; sourceTree = "<group>"; };
		E4E3B96A2B12A005008591D3 /* Archive+CoreDataClass.swift */ = {isa = PBXFileReference; lastKnownFileType = sourcecode.swift; path = "Archive+CoreDataClass.swift"; sourceTree = "<group>"; };
		E4E3B96B2B12A005008591D3 /* Archive+CoreDataProperties.swift */ = {isa = PBXFileReference; lastKnownFileType = sourcecode.swift; path = "Archive+CoreDataProperties.swift"; sourceTree = "<group>"; };
		E4E3B96E2B12A0AD008591D3 /* SearchCommands.swift */ = {isa = PBXFileReference; lastKnownFileType = sourcecode.swift; path = SearchCommands.swift; sourceTree = "<group>"; };
		E4E3B9702B12A0BD008591D3 /* ListCommands.swift */ = {isa = PBXFileReference; lastKnownFileType = sourcecode.swift; path = ListCommands.swift; sourceTree = "<group>"; };
		E4E3B9722B12A0CA008591D3 /* FavoriteCommands.swift */ = {isa = PBXFileReference; lastKnownFileType = sourcecode.swift; path = FavoriteCommands.swift; sourceTree = "<group>"; };
		E4E3B9742B12A0DB008591D3 /* ArchiveCommands.swift */ = {isa = PBXFileReference; lastKnownFileType = sourcecode.swift; path = ArchiveCommands.swift; sourceTree = "<group>"; };
		E4E3B9762B12CD30008591D3 /* MealDetailView.swift */ = {isa = PBXFileReference; lastKnownFileType = sourcecode.swift; path = MealDetailView.swift; sourceTree = "<group>"; };
		E4E3B9782B12D3DF008591D3 /* DemoMeal.swift */ = {isa = PBXFileReference; lastKnownFileType = sourcecode.swift; path = DemoMeal.swift; sourceTree = "<group>"; };
		E4EAFC262B023AF10095D10B /* Ratatouille.app */ = {isa = PBXFileReference; explicitFileType = wrapper.application; includeInIndex = 0; path = Ratatouille.app; sourceTree = BUILT_PRODUCTS_DIR; };
		E4EAFC292B023AF10095D10B /* RatatouilleApp.swift */ = {isa = PBXFileReference; lastKnownFileType = sourcecode.swift; path = RatatouilleApp.swift; sourceTree = "<group>"; };
		E4EAFC2D2B023AF80095D10B /* Assets.xcassets */ = {isa = PBXFileReference; lastKnownFileType = folder.assetcatalog; path = Assets.xcassets; sourceTree = "<group>"; };
		E4EAFC302B023AF80095D10B /* Preview Assets.xcassets */ = {isa = PBXFileReference; lastKnownFileType = folder.assetcatalog; path = "Preview Assets.xcassets"; sourceTree = "<group>"; };
		E4EAFC352B023AF80095D10B /* Ratatouille.xcdatamodel */ = {isa = PBXFileReference; lastKnownFileType = wrapper.xcdatamodel; path = Ratatouille.xcdatamodel; sourceTree = "<group>"; };
		E4EAFC3B2B023AF80095D10B /* RatatouilleTests.xctest */ = {isa = PBXFileReference; explicitFileType = wrapper.cfbundle; includeInIndex = 0; path = RatatouilleTests.xctest; sourceTree = BUILT_PRODUCTS_DIR; };
		E4EAFC3F2B023AF80095D10B /* RatatouilleTests.swift */ = {isa = PBXFileReference; lastKnownFileType = sourcecode.swift; path = RatatouilleTests.swift; sourceTree = "<group>"; };
		E4EAFC452B023AF80095D10B /* RatatouilleUITests.xctest */ = {isa = PBXFileReference; explicitFileType = wrapper.cfbundle; includeInIndex = 0; path = RatatouilleUITests.xctest; sourceTree = BUILT_PRODUCTS_DIR; };
		E4EAFC492B023AF80095D10B /* RatatouilleUITests.swift */ = {isa = PBXFileReference; lastKnownFileType = sourcecode.swift; path = RatatouilleUITests.swift; sourceTree = "<group>"; };
		E4EAFC4B2B023AF80095D10B /* RatatouilleUITestsLaunchTests.swift */ = {isa = PBXFileReference; lastKnownFileType = sourcecode.swift; path = RatatouilleUITestsLaunchTests.swift; sourceTree = "<group>"; };
		E4EAFC612B0259A50095D10B /* Meal+CoreDataClass.swift */ = {isa = PBXFileReference; lastKnownFileType = sourcecode.swift; path = "Meal+CoreDataClass.swift"; sourceTree = "<group>"; };
		E4EAFC652B0259A50095D10B /* Area+CoreDataClass.swift */ = {isa = PBXFileReference; lastKnownFileType = sourcecode.swift; path = "Area+CoreDataClass.swift"; sourceTree = "<group>"; };
		E4EAFC662B0259A50095D10B /* Area+CoreDataProperties.swift */ = {isa = PBXFileReference; lastKnownFileType = sourcecode.swift; path = "Area+CoreDataProperties.swift"; sourceTree = "<group>"; };
		E4EAFC702B025FF60095D10B /* DataController.swift */ = {isa = PBXFileReference; lastKnownFileType = sourcecode.swift; path = DataController.swift; sourceTree = "<group>"; };
		E4EAFC742B02718C0095D10B /* Category+CoreDataClass.swift */ = {isa = PBXFileReference; lastKnownFileType = sourcecode.swift; path = "Category+CoreDataClass.swift"; sourceTree = "<group>"; };
		E4EAFC752B02718C0095D10B /* Category+CoreDataProperties.swift */ = {isa = PBXFileReference; lastKnownFileType = sourcecode.swift; path = "Category+CoreDataProperties.swift"; sourceTree = "<group>"; };
		E4EAFC7C2B028EC40095D10B /* Ingredient+CoreDataClass.swift */ = {isa = PBXFileReference; lastKnownFileType = sourcecode.swift; path = "Ingredient+CoreDataClass.swift"; sourceTree = "<group>"; };
/* End PBXFileReference section */

/* Begin PBXFrameworksBuildPhase section */
		E4EAFC232B023AF10095D10B /* Frameworks */ = {
			isa = PBXFrameworksBuildPhase;
			buildActionMask = 2147483647;
			files = (
				E46962902B13E6C300D100E6 /* NukeUI in Frameworks */,
				E40644862B0F7B3700028CBD /* SwiftyGif in Frameworks */,
				E469628E2B13E6C300D100E6 /* Nuke in Frameworks */,
			);
			runOnlyForDeploymentPostprocessing = 0;
		};
		E4EAFC382B023AF80095D10B /* Frameworks */ = {
			isa = PBXFrameworksBuildPhase;
			buildActionMask = 2147483647;
			files = (
			);
			runOnlyForDeploymentPostprocessing = 0;
		};
		E4EAFC422B023AF80095D10B /* Frameworks */ = {
			isa = PBXFrameworksBuildPhase;
			buildActionMask = 2147483647;
			files = (
			);
			runOnlyForDeploymentPostprocessing = 0;
		};
/* End PBXFrameworksBuildPhase section */

/* Begin PBXGroup section */
		E40644732B0E956400028CBD /* Models */ = {
			isa = PBXGroup;
			children = (
				E406446D2B0E94F000028CBD /* AreaModel.swift */,
				E406446F2B0E951600028CBD /* CategoryModel.swift */,
				E40644712B0E953D00028CBD /* IngredientModel.swift */,
				E40644672B0E725200028CBD /* MealModel.swift */,
			);
			path = Models;
			sourceTree = "<group>";
		};
		E406448B2B0F862B00028CBD /* GIF */ = {
			isa = PBXGroup;
			children = (
				E46962952B15334900D100E6 /* remy-eating.gif */,
			);
			path = GIF;
			sourceTree = "<group>";
		};
		E469629B2B1545C900D100E6 /* Shared */ = {
			isa = PBXGroup;
			children = (
				E40644942B1035A300028CBD /* MealCardContent.swift */,
				E4E3B9762B12CD30008591D3 /* MealDetailView.swift */,
				E406448E2B0F86E200028CBD /* ViewCoordinator.swift */,
			);
			path = Shared;
			sourceTree = "<group>";
		};
		E469629C2B1545E700D100E6 /* Settings */ = {
			isa = PBXGroup;
			children = (
				E406447C2B0EB94700028CBD /* SettingsView.swift */,
				E469629F2B15465900D100E6 /* ArchiveView.swift */,
			);
			path = Settings;
			sourceTree = "<group>";
		};
		E469629D2B1545FB00D100E6 /* Favorites */ = {
			isa = PBXGroup;
			children = (
				E406447E2B0EBDDF00028CBD /* FavoritesView.swift */,
				E425252B2B19174200A099C1 /* FavoriteItemView.swift */,
			);
			path = Favorites;
			sourceTree = "<group>";
		};
		E469629E2B15461F00D100E6 /* RecipeBrowser */ = {
			isa = PBXGroup;
			children = (
				E425252D2B1956FC00A099C1 /* AreaSheetView.swift */,
				E4E3B9682B114BD9008591D3 /* CategoryItemView.swift */,
				E46962972B15421B00D100E6 /* CategoryListView.swift */,
				E4DA4EA42B195DF3004B4334 /* IngredientSheetView.swift */,
				E406445C2B0D0F3500028CBD /* MealItemView.swift */,
				E46962992B15448E00D100E6 /* MealListView.swift */,
				E406445A2B0CF28600028CBD /* RecipeBrowserView.swift */,
			);
			path = RecipeBrowser;
			sourceTree = "<group>";
		};
		E4EAFC1D2B023AF10095D10B = {
			isa = PBXGroup;
			children = (
				E4EAFC282B023AF10095D10B /* Ratatouille */,
				E4EAFC3E2B023AF80095D10B /* RatatouilleTests */,
				E4EAFC482B023AF80095D10B /* RatatouilleUITests */,
				E4EAFC272B023AF10095D10B /* Products */,
			);
			sourceTree = "<group>";
		};
		E4EAFC272B023AF10095D10B /* Products */ = {
			isa = PBXGroup;
			children = (
				E4EAFC262B023AF10095D10B /* Ratatouille.app */,
				E4EAFC3B2B023AF80095D10B /* RatatouilleTests.xctest */,
				E4EAFC452B023AF80095D10B /* RatatouilleUITests.xctest */,
			);
			name = Products;
			sourceTree = "<group>";
		};
		E4EAFC282B023AF10095D10B /* Ratatouille */ = {
			isa = PBXGroup;
			children = (
				E4EAFC292B023AF10095D10B /* RatatouilleApp.swift */,
				E4EAFC5A2B0240450095D10B /* Data */,
				E4EAFC582B02402F0095D10B /* Logic */,
				E4EAFC5C2B02406E0095D10B /* ViewModifiers */,
				E4EAFC5B2B0240620095D10B /* Views */,
				E4EAFC592B02403D0095D10B /* UI */,
				E4EAFC2F2B023AF80095D10B /* Preview Content */,
			);
			path = Ratatouille;
			sourceTree = "<group>";
		};
		E4EAFC2F2B023AF80095D10B /* Preview Content */ = {
			isa = PBXGroup;
			children = (
				E4EAFC302B023AF80095D10B /* Preview Assets.xcassets */,
			);
			path = "Preview Content";
			sourceTree = "<group>";
		};
		E4EAFC3E2B023AF80095D10B /* RatatouilleTests */ = {
			isa = PBXGroup;
			children = (
				E4EAFC3F2B023AF80095D10B /* RatatouilleTests.swift */,
			);
			path = RatatouilleTests;
			sourceTree = "<group>";
		};
		E4EAFC482B023AF80095D10B /* RatatouilleUITests */ = {
			isa = PBXGroup;
			children = (
				E4EAFC492B023AF80095D10B /* RatatouilleUITests.swift */,
				E4EAFC4B2B023AF80095D10B /* RatatouilleUITestsLaunchTests.swift */,
			);
			path = RatatouilleUITests;
			sourceTree = "<group>";
		};
		E4EAFC582B02402F0095D10B /* Logic */ = {
			isa = PBXGroup;
			children = (
				E40644582B0CDDBC00028CBD /* Commands.swift */,
				E4E3B96E2B12A0AD008591D3 /* SearchCommands.swift */,
				E4E3B9702B12A0BD008591D3 /* ListCommands.swift */,
				E4E3B9722B12A0CA008591D3 /* FavoriteCommands.swift */,
				E4E3B9742B12A0DB008591D3 /* ArchiveCommands.swift */,
				E42525292B18C9CE00A099C1 /* Representables.swift */,
			);
			path = Logic;
			sourceTree = "<group>";
		};
		E4EAFC592B02403D0095D10B /* UI */ = {
			isa = PBXGroup;
			children = (
				E40644892B0F82E700028CBD /* AnimatedGif.swift */,
				E4EAFC2D2B023AF80095D10B /* Assets.xcassets */,
				E406445E2B0D1AED00028CBD /* CircleImage.swift */,
				E4E3B9782B12D3DF008591D3 /* DemoMeal.swift */,
				E406448B2B0F862B00028CBD /* GIF */,
				E46962912B14E59800D100E6 /* ImageLoadingAnimation.swift */,
				E40644922B10350600028CBD /* ImageWidget.swift */,
				E40644602B0D2FBC00028CBD /* MyColors.swift */,
				E40644902B10349500028CBD /* SwipeIcons.swift */,
				E42525252B18B8EB00A099C1 /* ViewExtensions.swift */,
			);
			path = UI;
			sourceTree = "<group>";
		};
		E4EAFC5A2B0240450095D10B /* Data */ = {
			isa = PBXGroup;
			children = (
				E40644732B0E956400028CBD /* Models */,
				E4EAFC6F2B0259B70095D10B /* CoreData */,
				E4EAFC702B025FF60095D10B /* DataController.swift */,
				E406446B2B0E86F900028CBD /* APIClient.swift */,
				E469628A2B13B19400D100E6 /* FlagAPIClient.swift */,
			);
			path = Data;
			sourceTree = "<group>";
		};
		E4EAFC5B2B0240620095D10B /* Views */ = {
			isa = PBXGroup;
			children = (
				E469629D2B1545FB00D100E6 /* Favorites */,
				E469629E2B15461F00D100E6 /* RecipeBrowser */,
				E469629C2B1545E700D100E6 /* Settings */,
				E469629B2B1545C900D100E6 /* Shared */,
			);
			path = Views;
			sourceTree = "<group>";
		};
		E4EAFC5C2B02406E0095D10B /* ViewModifiers */ = {
			isa = PBXGroup;
			children = (
				E40644822B0EE95D00028CBD /* DarkModeViewModifier.swift */,
				E42525272B18B99400A099C1 /* InputFieldViewModifier.swift */,
			);
			path = ViewModifiers;
			sourceTree = "<group>";
		};
		E4EAFC6F2B0259B70095D10B /* CoreData */ = {
			isa = PBXGroup;
			children = (
				E4E3B96A2B12A005008591D3 /* Archive+CoreDataClass.swift */,
				E4E3B96B2B12A005008591D3 /* Archive+CoreDataProperties.swift */,
				E4EAFC652B0259A50095D10B /* Area+CoreDataClass.swift */,
				E4EAFC662B0259A50095D10B /* Area+CoreDataProperties.swift */,
				E4EAFC742B02718C0095D10B /* Category+CoreDataClass.swift */,
				E4EAFC752B02718C0095D10B /* Category+CoreDataProperties.swift */,
				E4EAFC7C2B028EC40095D10B /* Ingredient+CoreDataClass.swift */,
				E406444E2B0BE48500028CBD /* Ingredient+CoreDataProperties.swift */,
				E4EAFC612B0259A50095D10B /* Meal+CoreDataClass.swift */,
				E406444C2B0BE48500028CBD /* Meal+CoreDataProperties.swift */,
				E4EAFC342B023AF80095D10B /* Ratatouille.xcdatamodeld */,
			);
			path = CoreData;
			sourceTree = "<group>";
		};
/* End PBXGroup section */

/* Begin PBXNativeTarget section */
		E4EAFC252B023AF10095D10B /* Ratatouille */ = {
			isa = PBXNativeTarget;
			buildConfigurationList = E4EAFC4F2B023AF80095D10B /* Build configuration list for PBXNativeTarget "Ratatouille" */;
			buildPhases = (
				E4EAFC222B023AF10095D10B /* Sources */,
				E4EAFC232B023AF10095D10B /* Frameworks */,
				E4EAFC242B023AF10095D10B /* Resources */,
			);
			buildRules = (
			);
			dependencies = (
			);
			name = Ratatouille;
			packageProductDependencies = (
				E40644852B0F7B3700028CBD /* SwiftyGif */,
				E469628D2B13E6C300D100E6 /* Nuke */,
				E469628F2B13E6C300D100E6 /* NukeUI */,
			);
			productName = Ratatouille;
			productReference = E4EAFC262B023AF10095D10B /* Ratatouille.app */;
			productType = "com.apple.product-type.application";
		};
		E4EAFC3A2B023AF80095D10B /* RatatouilleTests */ = {
			isa = PBXNativeTarget;
			buildConfigurationList = E4EAFC522B023AF80095D10B /* Build configuration list for PBXNativeTarget "RatatouilleTests" */;
			buildPhases = (
				E4EAFC372B023AF80095D10B /* Sources */,
				E4EAFC382B023AF80095D10B /* Frameworks */,
				E4EAFC392B023AF80095D10B /* Resources */,
			);
			buildRules = (
			);
			dependencies = (
				E4EAFC3D2B023AF80095D10B /* PBXTargetDependency */,
			);
			name = RatatouilleTests;
			productName = RatatouilleTests;
			productReference = E4EAFC3B2B023AF80095D10B /* RatatouilleTests.xctest */;
			productType = "com.apple.product-type.bundle.unit-test";
		};
		E4EAFC442B023AF80095D10B /* RatatouilleUITests */ = {
			isa = PBXNativeTarget;
			buildConfigurationList = E4EAFC552B023AF80095D10B /* Build configuration list for PBXNativeTarget "RatatouilleUITests" */;
			buildPhases = (
				E4EAFC412B023AF80095D10B /* Sources */,
				E4EAFC422B023AF80095D10B /* Frameworks */,
				E4EAFC432B023AF80095D10B /* Resources */,
			);
			buildRules = (
			);
			dependencies = (
				E4EAFC472B023AF80095D10B /* PBXTargetDependency */,
			);
			name = RatatouilleUITests;
			productName = RatatouilleUITests;
			productReference = E4EAFC452B023AF80095D10B /* RatatouilleUITests.xctest */;
			productType = "com.apple.product-type.bundle.ui-testing";
		};
/* End PBXNativeTarget section */

/* Begin PBXProject section */
		E4EAFC1E2B023AF10095D10B /* Project object */ = {
			isa = PBXProject;
			attributes = {
				BuildIndependentTargetsInParallel = 1;
				LastSwiftUpdateCheck = 1430;
				LastUpgradeCheck = 1500;
				TargetAttributes = {
					E4EAFC252B023AF10095D10B = {
						CreatedOnToolsVersion = 14.3.1;
					};
					E4EAFC3A2B023AF80095D10B = {
						CreatedOnToolsVersion = 14.3.1;
						TestTargetID = E4EAFC252B023AF10095D10B;
					};
					E4EAFC442B023AF80095D10B = {
						CreatedOnToolsVersion = 14.3.1;
						TestTargetID = E4EAFC252B023AF10095D10B;
					};
				};
			};
			buildConfigurationList = E4EAFC212B023AF10095D10B /* Build configuration list for PBXProject "Ratatouille" */;
			compatibilityVersion = "Xcode 14.0";
			developmentRegion = en;
			hasScannedForEncodings = 0;
			knownRegions = (
				en,
				Base,
			);
			mainGroup = E4EAFC1D2B023AF10095D10B;
			packageReferences = (
				E40644842B0F7B3700028CBD /* XCRemoteSwiftPackageReference "SwiftyGif" */,
				E469628C2B13E6C300D100E6 /* XCRemoteSwiftPackageReference "Nuke" */,
			);
			productRefGroup = E4EAFC272B023AF10095D10B /* Products */;
			projectDirPath = "";
			projectRoot = "";
			targets = (
				E4EAFC252B023AF10095D10B /* Ratatouille */,
				E4EAFC3A2B023AF80095D10B /* RatatouilleTests */,
				E4EAFC442B023AF80095D10B /* RatatouilleUITests */,
			);
		};
/* End PBXProject section */

/* Begin PBXResourcesBuildPhase section */
		E4EAFC242B023AF10095D10B /* Resources */ = {
			isa = PBXResourcesBuildPhase;
			buildActionMask = 2147483647;
			files = (
				E4EAFC312B023AF80095D10B /* Preview Assets.xcassets in Resources */,
				E46962962B15334900D100E6 /* remy-eating.gif in Resources */,
				E4EAFC2E2B023AF80095D10B /* Assets.xcassets in Resources */,
			);
			runOnlyForDeploymentPostprocessing = 0;
		};
		E4EAFC392B023AF80095D10B /* Resources */ = {
			isa = PBXResourcesBuildPhase;
			buildActionMask = 2147483647;
			files = (
			);
			runOnlyForDeploymentPostprocessing = 0;
		};
		E4EAFC432B023AF80095D10B /* Resources */ = {
			isa = PBXResourcesBuildPhase;
			buildActionMask = 2147483647;
			files = (
			);
			runOnlyForDeploymentPostprocessing = 0;
		};
/* End PBXResourcesBuildPhase section */

/* Begin PBXSourcesBuildPhase section */
		E4EAFC222B023AF10095D10B /* Sources */ = {
			isa = PBXSourcesBuildPhase;
			buildActionMask = 2147483647;
			files = (
				E4DA4EA52B195DF3004B4334 /* IngredientSheetView.swift in Sources */,
				E425252C2B19174200A099C1 /* FavoriteItemView.swift in Sources */,
				E40644592B0CDDBC00028CBD /* Commands.swift in Sources */,
				E40644682B0E725200028CBD /* MealModel.swift in Sources */,
				E425252E2B1956FC00A099C1 /* AreaSheetView.swift in Sources */,
				E406445B2B0CF28600028CBD /* RecipeBrowserView.swift in Sources */,
				E4E3B9712B12A0BD008591D3 /* ListCommands.swift in Sources */,
				E4E3B9752B12A0DB008591D3 /* ArchiveCommands.swift in Sources */,
				E4EAFC762B02718C0095D10B /* Category+CoreDataClass.swift in Sources */,
				E40644702B0E951600028CBD /* CategoryModel.swift in Sources */,
				E425252A2B18C9CE00A099C1 /* Representables.swift in Sources */,
				E406445F2B0D1AED00028CBD /* CircleImage.swift in Sources */,
				E40644722B0E953D00028CBD /* IngredientModel.swift in Sources */,
				E469628B2B13B19400D100E6 /* FlagAPIClient.swift in Sources */,
				E4EAFC362B023AF80095D10B /* Ratatouille.xcdatamodeld in Sources */,
				E469629A2B15448E00D100E6 /* MealListView.swift in Sources */,
				E4E3B9772B12CD30008591D3 /* MealDetailView.swift in Sources */,
				E46962982B15421B00D100E6 /* CategoryListView.swift in Sources */,
				E4E3B9792B12D3DF008591D3 /* DemoMeal.swift in Sources */,
				E40644612B0D2FBC00028CBD /* MyColors.swift in Sources */,
				E406447F2B0EBDDF00028CBD /* FavoritesView.swift in Sources */,
				E4E3B96F2B12A0AD008591D3 /* SearchCommands.swift in Sources */,
				E40644932B10350600028CBD /* ImageWidget.swift in Sources */,
				E4EAFC712B025FF60095D10B /* DataController.swift in Sources */,
				E4EAFC772B02718C0095D10B /* Category+CoreDataProperties.swift in Sources */,
				E40644832B0EE95D00028CBD /* DarkModeViewModifier.swift in Sources */,
				E42525262B18B8EB00A099C1 /* ViewExtensions.swift in Sources */,
				E40644952B1035A300028CBD /* MealCardContent.swift in Sources */,
				E4E3B9692B114BD9008591D3 /* CategoryItemView.swift in Sources */,
				E4E3B96D2B12A005008591D3 /* Archive+CoreDataProperties.swift in Sources */,
				E4E3B9732B12A0CA008591D3 /* FavoriteCommands.swift in Sources */,
				E42525282B18B99400A099C1 /* InputFieldViewModifier.swift in Sources */,
				E406445D2B0D0F3500028CBD /* MealItemView.swift in Sources */,
				E40644912B10349500028CBD /* SwipeIcons.swift in Sources */,
				E4EAFC7E2B028EC40095D10B /* Ingredient+CoreDataClass.swift in Sources */,
				E4EAFC6D2B0259A50095D10B /* Area+CoreDataClass.swift in Sources */,
				E40644542B0BE48500028CBD /* Ingredient+CoreDataProperties.swift in Sources */,
				E406446C2B0E86F900028CBD /* APIClient.swift in Sources */,
				E40644522B0BE48500028CBD /* Meal+CoreDataProperties.swift in Sources */,
				E46962922B14E59800D100E6 /* ImageLoadingAnimation.swift in Sources */,
				E406446E2B0E94F000028CBD /* AreaModel.swift in Sources */,
				E4E3B96C2B12A005008591D3 /* Archive+CoreDataClass.swift in Sources */,
				E4EAFC6E2B0259A50095D10B /* Area+CoreDataProperties.swift in Sources */,
				E406448F2B0F86E200028CBD /* ViewCoordinator.swift in Sources */,
				E4EAFC692B0259A50095D10B /* Meal+CoreDataClass.swift in Sources */,
				E4EAFC2A2B023AF10095D10B /* RatatouilleApp.swift in Sources */,
				E46962A02B15465900D100E6 /* ArchiveView.swift in Sources */,
				E406448A2B0F82E700028CBD /* AnimatedGif.swift in Sources */,
				E406447D2B0EB94700028CBD /* SettingsView.swift in Sources */,
			);
			runOnlyForDeploymentPostprocessing = 0;
		};
		E4EAFC372B023AF80095D10B /* Sources */ = {
			isa = PBXSourcesBuildPhase;
			buildActionMask = 2147483647;
			files = (
				E4EAFC402B023AF80095D10B /* RatatouilleTests.swift in Sources */,
			);
			runOnlyForDeploymentPostprocessing = 0;
		};
		E4EAFC412B023AF80095D10B /* Sources */ = {
			isa = PBXSourcesBuildPhase;
			buildActionMask = 2147483647;
			files = (
				E4EAFC4A2B023AF80095D10B /* RatatouilleUITests.swift in Sources */,
				E4EAFC4C2B023AF80095D10B /* RatatouilleUITestsLaunchTests.swift in Sources */,
			);
			runOnlyForDeploymentPostprocessing = 0;
		};
/* End PBXSourcesBuildPhase section */

/* Begin PBXTargetDependency section */
		E4EAFC3D2B023AF80095D10B /* PBXTargetDependency */ = {
			isa = PBXTargetDependency;
			target = E4EAFC252B023AF10095D10B /* Ratatouille */;
			targetProxy = E4EAFC3C2B023AF80095D10B /* PBXContainerItemProxy */;
		};
		E4EAFC472B023AF80095D10B /* PBXTargetDependency */ = {
			isa = PBXTargetDependency;
			target = E4EAFC252B023AF10095D10B /* Ratatouille */;
			targetProxy = E4EAFC462B023AF80095D10B /* PBXContainerItemProxy */;
		};
/* End PBXTargetDependency section */

/* Begin XCBuildConfiguration section */
		E4EAFC4D2B023AF80095D10B /* Debug */ = {
			isa = XCBuildConfiguration;
			buildSettings = {
				ALWAYS_SEARCH_USER_PATHS = NO;
				CLANG_ANALYZER_NONNULL = YES;
				CLANG_ANALYZER_NUMBER_OBJECT_CONVERSION = YES_AGGRESSIVE;
				CLANG_CXX_LANGUAGE_STANDARD = "gnu++20";
				CLANG_ENABLE_MODULES = YES;
				CLANG_ENABLE_OBJC_ARC = YES;
				CLANG_ENABLE_OBJC_WEAK = YES;
				CLANG_WARN_BLOCK_CAPTURE_AUTORELEASING = YES;
				CLANG_WARN_BOOL_CONVERSION = YES;
				CLANG_WARN_COMMA = YES;
				CLANG_WARN_CONSTANT_CONVERSION = YES;
				CLANG_WARN_DEPRECATED_OBJC_IMPLEMENTATIONS = YES;
				CLANG_WARN_DIRECT_OBJC_ISA_USAGE = YES_ERROR;
				CLANG_WARN_DOCUMENTATION_COMMENTS = YES;
				CLANG_WARN_EMPTY_BODY = YES;
				CLANG_WARN_ENUM_CONVERSION = YES;
				CLANG_WARN_INFINITE_RECURSION = YES;
				CLANG_WARN_INT_CONVERSION = YES;
				CLANG_WARN_NON_LITERAL_NULL_CONVERSION = YES;
				CLANG_WARN_OBJC_IMPLICIT_RETAIN_SELF = YES;
				CLANG_WARN_OBJC_LITERAL_CONVERSION = YES;
				CLANG_WARN_OBJC_ROOT_CLASS = YES_ERROR;
				CLANG_WARN_QUOTED_INCLUDE_IN_FRAMEWORK_HEADER = YES;
				CLANG_WARN_RANGE_LOOP_ANALYSIS = YES;
				CLANG_WARN_STRICT_PROTOTYPES = YES;
				CLANG_WARN_SUSPICIOUS_MOVE = YES;
				CLANG_WARN_UNGUARDED_AVAILABILITY = YES_AGGRESSIVE;
				CLANG_WARN_UNREACHABLE_CODE = YES;
				CLANG_WARN__DUPLICATE_METHOD_MATCH = YES;
				COPY_PHASE_STRIP = NO;
				DEBUG_INFORMATION_FORMAT = dwarf;
				ENABLE_STRICT_OBJC_MSGSEND = YES;
				ENABLE_TESTABILITY = YES;
				ENABLE_USER_SCRIPT_SANDBOXING = YES;
				GCC_C_LANGUAGE_STANDARD = gnu11;
				GCC_DYNAMIC_NO_PIC = NO;
				GCC_NO_COMMON_BLOCKS = YES;
				GCC_OPTIMIZATION_LEVEL = 0;
				GCC_PREPROCESSOR_DEFINITIONS = (
					"DEBUG=1",
					"$(inherited)",
				);
				GCC_WARN_64_TO_32_BIT_CONVERSION = YES;
				GCC_WARN_ABOUT_RETURN_TYPE = YES_ERROR;
				GCC_WARN_UNDECLARED_SELECTOR = YES;
				GCC_WARN_UNINITIALIZED_AUTOS = YES_AGGRESSIVE;
				GCC_WARN_UNUSED_FUNCTION = YES;
				GCC_WARN_UNUSED_VARIABLE = YES;
				IPHONEOS_DEPLOYMENT_TARGET = 16.4;
				MTL_ENABLE_DEBUG_INFO = INCLUDE_SOURCE;
				MTL_FAST_MATH = YES;
				ONLY_ACTIVE_ARCH = YES;
				SDKROOT = iphoneos;
				SWIFT_ACTIVE_COMPILATION_CONDITIONS = DEBUG;
				SWIFT_OPTIMIZATION_LEVEL = "-Onone";
			};
			name = Debug;
		};
		E4EAFC4E2B023AF80095D10B /* Release */ = {
			isa = XCBuildConfiguration;
			buildSettings = {
				ALWAYS_SEARCH_USER_PATHS = NO;
				CLANG_ANALYZER_NONNULL = YES;
				CLANG_ANALYZER_NUMBER_OBJECT_CONVERSION = YES_AGGRESSIVE;
				CLANG_CXX_LANGUAGE_STANDARD = "gnu++20";
				CLANG_ENABLE_MODULES = YES;
				CLANG_ENABLE_OBJC_ARC = YES;
				CLANG_ENABLE_OBJC_WEAK = YES;
				CLANG_WARN_BLOCK_CAPTURE_AUTORELEASING = YES;
				CLANG_WARN_BOOL_CONVERSION = YES;
				CLANG_WARN_COMMA = YES;
				CLANG_WARN_CONSTANT_CONVERSION = YES;
				CLANG_WARN_DEPRECATED_OBJC_IMPLEMENTATIONS = YES;
				CLANG_WARN_DIRECT_OBJC_ISA_USAGE = YES_ERROR;
				CLANG_WARN_DOCUMENTATION_COMMENTS = YES;
				CLANG_WARN_EMPTY_BODY = YES;
				CLANG_WARN_ENUM_CONVERSION = YES;
				CLANG_WARN_INFINITE_RECURSION = YES;
				CLANG_WARN_INT_CONVERSION = YES;
				CLANG_WARN_NON_LITERAL_NULL_CONVERSION = YES;
				CLANG_WARN_OBJC_IMPLICIT_RETAIN_SELF = YES;
				CLANG_WARN_OBJC_LITERAL_CONVERSION = YES;
				CLANG_WARN_OBJC_ROOT_CLASS = YES_ERROR;
				CLANG_WARN_QUOTED_INCLUDE_IN_FRAMEWORK_HEADER = YES;
				CLANG_WARN_RANGE_LOOP_ANALYSIS = YES;
				CLANG_WARN_STRICT_PROTOTYPES = YES;
				CLANG_WARN_SUSPICIOUS_MOVE = YES;
				CLANG_WARN_UNGUARDED_AVAILABILITY = YES_AGGRESSIVE;
				CLANG_WARN_UNREACHABLE_CODE = YES;
				CLANG_WARN__DUPLICATE_METHOD_MATCH = YES;
				COPY_PHASE_STRIP = NO;
				DEBUG_INFORMATION_FORMAT = "dwarf-with-dsym";
				ENABLE_NS_ASSERTIONS = NO;
				ENABLE_STRICT_OBJC_MSGSEND = YES;
				ENABLE_USER_SCRIPT_SANDBOXING = YES;
				GCC_C_LANGUAGE_STANDARD = gnu11;
				GCC_NO_COMMON_BLOCKS = YES;
				GCC_WARN_64_TO_32_BIT_CONVERSION = YES;
				GCC_WARN_ABOUT_RETURN_TYPE = YES_ERROR;
				GCC_WARN_UNDECLARED_SELECTOR = YES;
				GCC_WARN_UNINITIALIZED_AUTOS = YES_AGGRESSIVE;
				GCC_WARN_UNUSED_FUNCTION = YES;
				GCC_WARN_UNUSED_VARIABLE = YES;
				IPHONEOS_DEPLOYMENT_TARGET = 16.4;
				MTL_ENABLE_DEBUG_INFO = NO;
				MTL_FAST_MATH = YES;
				SDKROOT = iphoneos;
				SWIFT_COMPILATION_MODE = wholemodule;
				SWIFT_OPTIMIZATION_LEVEL = "-O";
				VALIDATE_PRODUCT = YES;
			};
			name = Release;
		};
		E4EAFC502B023AF80095D10B /* Debug */ = {
			isa = XCBuildConfiguration;
			buildSettings = {
				ASSETCATALOG_COMPILER_APPICON_NAME = AppIcon;
				ASSETCATALOG_COMPILER_GLOBAL_ACCENT_COLOR_NAME = AccentColor;
				CODE_SIGN_STYLE = Automatic;
				CURRENT_PROJECT_VERSION = 1;
				DEVELOPMENT_ASSET_PATHS = "\"Ratatouille/Preview Content\"";
				DEVELOPMENT_TEAM = MJBZJ6F9V3;
				ENABLE_PREVIEWS = YES;
				GENERATE_INFOPLIST_FILE = YES;
				INFOPLIST_KEY_UIApplicationSceneManifest_Generation = YES;
				INFOPLIST_KEY_UIApplicationSupportsIndirectInputEvents = YES;
				INFOPLIST_KEY_UILaunchScreen_Generation = YES;
				INFOPLIST_KEY_UISupportedInterfaceOrientations_iPad = "UIInterfaceOrientationPortrait UIInterfaceOrientationPortraitUpsideDown UIInterfaceOrientationLandscapeLeft UIInterfaceOrientationLandscapeRight";
				INFOPLIST_KEY_UISupportedInterfaceOrientations_iPhone = "UIInterfaceOrientationPortrait UIInterfaceOrientationLandscapeLeft UIInterfaceOrientationLandscapeRight";
				LD_RUNPATH_SEARCH_PATHS = (
					"$(inherited)",
					"@executable_path/Frameworks",
				);
				MARKETING_VERSION = 1.0;
				PRODUCT_BUNDLE_IDENTIFIER = PG5602.Ratatouille;
				PRODUCT_NAME = "$(TARGET_NAME)";
				SWIFT_EMIT_LOC_STRINGS = YES;
				SWIFT_VERSION = 5.0;
				TARGETED_DEVICE_FAMILY = "1,2";
			};
			name = Debug;
		};
		E4EAFC512B023AF80095D10B /* Release */ = {
			isa = XCBuildConfiguration;
			buildSettings = {
				ASSETCATALOG_COMPILER_APPICON_NAME = AppIcon;
				ASSETCATALOG_COMPILER_GLOBAL_ACCENT_COLOR_NAME = AccentColor;
				CODE_SIGN_STYLE = Automatic;
				CURRENT_PROJECT_VERSION = 1;
				DEVELOPMENT_ASSET_PATHS = "\"Ratatouille/Preview Content\"";
				DEVELOPMENT_TEAM = MJBZJ6F9V3;
				ENABLE_PREVIEWS = YES;
				GENERATE_INFOPLIST_FILE = YES;
				INFOPLIST_KEY_UIApplicationSceneManifest_Generation = YES;
				INFOPLIST_KEY_UIApplicationSupportsIndirectInputEvents = YES;
				INFOPLIST_KEY_UILaunchScreen_Generation = YES;
				INFOPLIST_KEY_UISupportedInterfaceOrientations_iPad = "UIInterfaceOrientationPortrait UIInterfaceOrientationPortraitUpsideDown UIInterfaceOrientationLandscapeLeft UIInterfaceOrientationLandscapeRight";
				INFOPLIST_KEY_UISupportedInterfaceOrientations_iPhone = "UIInterfaceOrientationPortrait UIInterfaceOrientationLandscapeLeft UIInterfaceOrientationLandscapeRight";
				LD_RUNPATH_SEARCH_PATHS = (
					"$(inherited)",
					"@executable_path/Frameworks",
				);
				MARKETING_VERSION = 1.0;
				PRODUCT_BUNDLE_IDENTIFIER = PG5602.Ratatouille;
				PRODUCT_NAME = "$(TARGET_NAME)";
				SWIFT_EMIT_LOC_STRINGS = YES;
				SWIFT_VERSION = 5.0;
				TARGETED_DEVICE_FAMILY = "1,2";
			};
			name = Release;
		};
		E4EAFC532B023AF80095D10B /* Debug */ = {
			isa = XCBuildConfiguration;
			buildSettings = {
				ALWAYS_EMBED_SWIFT_STANDARD_LIBRARIES = YES;
				BUNDLE_LOADER = "$(TEST_HOST)";
				CODE_SIGN_STYLE = Automatic;
				CURRENT_PROJECT_VERSION = 1;
				GENERATE_INFOPLIST_FILE = YES;
				IPHONEOS_DEPLOYMENT_TARGET = 16.4;
				MARKETING_VERSION = 1.0;
				PRODUCT_BUNDLE_IDENTIFIER = PG5602.RatatouilleTests;
				PRODUCT_NAME = "$(TARGET_NAME)";
				SWIFT_EMIT_LOC_STRINGS = NO;
				SWIFT_VERSION = 5.0;
				TARGETED_DEVICE_FAMILY = "1,2";
				TEST_HOST = "$(BUILT_PRODUCTS_DIR)/Ratatouille.app/$(BUNDLE_EXECUTABLE_FOLDER_PATH)/Ratatouille";
			};
			name = Debug;
		};
		E4EAFC542B023AF80095D10B /* Release */ = {
			isa = XCBuildConfiguration;
			buildSettings = {
				ALWAYS_EMBED_SWIFT_STANDARD_LIBRARIES = YES;
				BUNDLE_LOADER = "$(TEST_HOST)";
				CODE_SIGN_STYLE = Automatic;
				CURRENT_PROJECT_VERSION = 1;
				GENERATE_INFOPLIST_FILE = YES;
				IPHONEOS_DEPLOYMENT_TARGET = 16.4;
				MARKETING_VERSION = 1.0;
				PRODUCT_BUNDLE_IDENTIFIER = PG5602.RatatouilleTests;
				PRODUCT_NAME = "$(TARGET_NAME)";
				SWIFT_EMIT_LOC_STRINGS = NO;
				SWIFT_VERSION = 5.0;
				TARGETED_DEVICE_FAMILY = "1,2";
				TEST_HOST = "$(BUILT_PRODUCTS_DIR)/Ratatouille.app/$(BUNDLE_EXECUTABLE_FOLDER_PATH)/Ratatouille";
			};
			name = Release;
		};
		E4EAFC562B023AF80095D10B /* Debug */ = {
			isa = XCBuildConfiguration;
			buildSettings = {
				ALWAYS_EMBED_SWIFT_STANDARD_LIBRARIES = YES;
				CODE_SIGN_STYLE = Automatic;
				CURRENT_PROJECT_VERSION = 1;
				GENERATE_INFOPLIST_FILE = YES;
				MARKETING_VERSION = 1.0;
				PRODUCT_BUNDLE_IDENTIFIER = PG5602.RatatouilleUITests;
				PRODUCT_NAME = "$(TARGET_NAME)";
				SWIFT_EMIT_LOC_STRINGS = NO;
				SWIFT_VERSION = 5.0;
				TARGETED_DEVICE_FAMILY = "1,2";
				TEST_TARGET_NAME = Ratatouille;
			};
			name = Debug;
		};
		E4EAFC572B023AF80095D10B /* Release */ = {
			isa = XCBuildConfiguration;
			buildSettings = {
				ALWAYS_EMBED_SWIFT_STANDARD_LIBRARIES = YES;
				CODE_SIGN_STYLE = Automatic;
				CURRENT_PROJECT_VERSION = 1;
				GENERATE_INFOPLIST_FILE = YES;
				MARKETING_VERSION = 1.0;
				PRODUCT_BUNDLE_IDENTIFIER = PG5602.RatatouilleUITests;
				PRODUCT_NAME = "$(TARGET_NAME)";
				SWIFT_EMIT_LOC_STRINGS = NO;
				SWIFT_VERSION = 5.0;
				TARGETED_DEVICE_FAMILY = "1,2";
				TEST_TARGET_NAME = Ratatouille;
			};
			name = Release;
		};
/* End XCBuildConfiguration section */

/* Begin XCConfigurationList section */
		E4EAFC212B023AF10095D10B /* Build configuration list for PBXProject "Ratatouille" */ = {
			isa = XCConfigurationList;
			buildConfigurations = (
				E4EAFC4D2B023AF80095D10B /* Debug */,
				E4EAFC4E2B023AF80095D10B /* Release */,
			);
			defaultConfigurationIsVisible = 0;
			defaultConfigurationName = Release;
		};
		E4EAFC4F2B023AF80095D10B /* Build configuration list for PBXNativeTarget "Ratatouille" */ = {
			isa = XCConfigurationList;
			buildConfigurations = (
				E4EAFC502B023AF80095D10B /* Debug */,
				E4EAFC512B023AF80095D10B /* Release */,
			);
			defaultConfigurationIsVisible = 0;
			defaultConfigurationName = Release;
		};
		E4EAFC522B023AF80095D10B /* Build configuration list for PBXNativeTarget "RatatouilleTests" */ = {
			isa = XCConfigurationList;
			buildConfigurations = (
				E4EAFC532B023AF80095D10B /* Debug */,
				E4EAFC542B023AF80095D10B /* Release */,
			);
			defaultConfigurationIsVisible = 0;
			defaultConfigurationName = Release;
		};
		E4EAFC552B023AF80095D10B /* Build configuration list for PBXNativeTarget "RatatouilleUITests" */ = {
			isa = XCConfigurationList;
			buildConfigurations = (
				E4EAFC562B023AF80095D10B /* Debug */,
				E4EAFC572B023AF80095D10B /* Release */,
			);
			defaultConfigurationIsVisible = 0;
			defaultConfigurationName = Release;
		};
/* End XCConfigurationList section */

/* Begin XCRemoteSwiftPackageReference section */
		E40644842B0F7B3700028CBD /* XCRemoteSwiftPackageReference "SwiftyGif" */ = {
			isa = XCRemoteSwiftPackageReference;
			repositoryURL = "https://github.com/kirualex/SwiftyGif.git";
			requirement = {
				kind = upToNextMajorVersion;
				minimumVersion = 5.0.0;
			};
		};
		E469628C2B13E6C300D100E6 /* XCRemoteSwiftPackageReference "Nuke" */ = {
			isa = XCRemoteSwiftPackageReference;
			repositoryURL = "https://github.com/kean/Nuke";
			requirement = {
				kind = upToNextMajorVersion;
				minimumVersion = 12.0.0;
			};
		};
/* End XCRemoteSwiftPackageReference section */

/* Begin XCSwiftPackageProductDependency section */
		E40644852B0F7B3700028CBD /* SwiftyGif */ = {
			isa = XCSwiftPackageProductDependency;
			package = E40644842B0F7B3700028CBD /* XCRemoteSwiftPackageReference "SwiftyGif" */;
			productName = SwiftyGif;
		};
		E469628D2B13E6C300D100E6 /* Nuke */ = {
			isa = XCSwiftPackageProductDependency;
			package = E469628C2B13E6C300D100E6 /* XCRemoteSwiftPackageReference "Nuke" */;
			productName = Nuke;
		};
		E469628F2B13E6C300D100E6 /* NukeUI */ = {
			isa = XCSwiftPackageProductDependency;
			package = E469628C2B13E6C300D100E6 /* XCRemoteSwiftPackageReference "Nuke" */;
			productName = NukeUI;
		};
/* End XCSwiftPackageProductDependency section */

/* Begin XCVersionGroup section */
		E4EAFC342B023AF80095D10B /* Ratatouille.xcdatamodeld */ = {
			isa = XCVersionGroup;
			children = (
				E4EAFC352B023AF80095D10B /* Ratatouille.xcdatamodel */,
			);
			currentVersion = E4EAFC352B023AF80095D10B /* Ratatouille.xcdatamodel */;
			path = Ratatouille.xcdatamodeld;
			sourceTree = "<group>";
			versionGroupType = wrapper.xcdatamodel;
		};
/* End XCVersionGroup section */
	};
	rootObject = E4EAFC1E2B023AF10095D10B /* Project object */;
}
